<?xml version="1.0" encoding="utf-8"?>
<Project ToolsVersion="15.0" xmlns="http://schemas.microsoft.com/developer/msbuild/2003">
  <ItemGroup>
    <CustomBuild Include="C:\Users\chakanson\Documents\TTCP-2.7.1\TT_build_weapon\CMakeFiles\dfb485cc4484f90fec0f187d450e3f39\RUN_TESTS_force.rule">
      <Filter>CMake Rules</Filter>
    </CustomBuild>
  </ItemGroup>
  <ItemGroup>
    <Filter Include="CMake Rules">
      <UniqueIdentifier>{E487B5E7-0BEA-354C-AA77-C88FC24E6042}</UniqueIdentifier>
    </Filter>
  </ItemGroup>
</Project>
