<?xml version="1.0" encoding="utf-8"?>
<Project ToolsVersion="15.0" xmlns="http://schemas.microsoft.com/developer/msbuild/2003">
  <ItemGroup>
    <ClCompile Include="C:\Users\chakanson\Documents\TTCP-2.7.1\TT_build_weapon\build_mystic\wkf\MapDisplay\MapDisplay_autogen\mocs_compilation_Debug.cpp">
      <Filter>qt_autogen\moc</Filter>
    </ClCompile>
    <ClCompile Include="C:\Users\chakanson\Documents\TTCP-2.7.1\AFSIM_TTCP_2.7.1-Dev\tools\wkf\plugins\MapDisplay\source\MapCameraMotion.cpp">
      <Filter>Source Files</Filter>
    </ClCompile>
    <ClCompile Include="C:\Users\chakanson\Documents\TTCP-2.7.1\AFSIM_TTCP_2.7.1-Dev\tools\wkf\plugins\MapDisplay\source\MapCursorStatusDockWidget.cpp">
      <Filter>Source Files</Filter>
    </ClCompile>
    <ClCompile Include="C:\Users\chakanson\Documents\TTCP-2.7.1\AFSIM_TTCP_2.7.1-Dev\tools\wkf\plugins\MapDisplay\source\MapCursorStatusUpdater.cpp">
      <Filter>Source Files</Filter>
    </ClCompile>
    <ClCompile Include="C:\Users\chakanson\Documents\TTCP-2.7.1\AFSIM_TTCP_2.7.1-Dev\tools\wkf\plugins\MapDisplay\source\MapCursorStatusWidget.cpp">
      <Filter>Source Files</Filter>
    </ClCompile>
    <ClCompile Include="C:\Users\chakanson\Documents\TTCP-2.7.1\AFSIM_TTCP_2.7.1-Dev\tools\wkf\plugins\MapDisplay\source\MapDockWidget.cpp">
      <Filter>Source Files</Filter>
    </ClCompile>
    <ClCompile Include="C:\Users\chakanson\Documents\TTCP-2.7.1\AFSIM_TTCP_2.7.1-Dev\tools\wkf\plugins\MapDisplay\source\MapPlugin.cpp">
      <Filter>Source Files</Filter>
    </ClCompile>
    <ClCompile Include="C:\Users\chakanson\Documents\TTCP-2.7.1\AFSIM_TTCP_2.7.1-Dev\tools\wkf\plugins\MapDisplay\source\MapPrefObject.cpp">
      <Filter>Source Files</Filter>
    </ClCompile>
    <ClCompile Include="C:\Users\chakanson\Documents\TTCP-2.7.1\AFSIM_TTCP_2.7.1-Dev\tools\wkf\plugins\MapDisplay\source\MapPrefWidget.cpp">
      <Filter>Source Files</Filter>
    </ClCompile>
    <ClCompile Include="C:\Users\chakanson\Documents\TTCP-2.7.1\AFSIM_TTCP_2.7.1-Dev\tools\wkf\plugins\MapDisplay\source\MapRulerPropertiesWidget.cpp">
      <Filter>Source Files</Filter>
    </ClCompile>
    <ClCompile Include="C:\Users\chakanson\Documents\TTCP-2.7.1\AFSIM_TTCP_2.7.1-Dev\tools\wkf\plugins\MapDisplay\source\MapToolbar.cpp">
      <Filter>Source Files</Filter>
    </ClCompile>
    <ClCompile Include="C:\Users\chakanson\Documents\TTCP-2.7.1\TT_build_weapon\build_mystic\wkf\MapDisplay\MapDisplay_autogen\mocs_compilation_Release.cpp">
      <Filter>qt_autogen\moc</Filter>
    </ClCompile>
    <ClCompile Include="C:\Users\chakanson\Documents\TTCP-2.7.1\TT_build_weapon\build_mystic\wkf\MapDisplay\MapDisplay_autogen\mocs_compilation_MinSizeRel.cpp">
      <Filter>qt_autogen\moc</Filter>
    </ClCompile>
    <ClCompile Include="C:\Users\chakanson\Documents\TTCP-2.7.1\TT_build_weapon\build_mystic\wkf\MapDisplay\MapDisplay_autogen\mocs_compilation_RelWithDebInfo.cpp">
      <Filter>qt_autogen\moc</Filter>
    </ClCompile>
  </ItemGroup>
  <ItemGroup>
    <ClInclude Include="C:\Users\chakanson\Documents\TTCP-2.7.1\AFSIM_TTCP_2.7.1-Dev\tools\wkf\plugins\MapDisplay\source\MapCameraMotion.hpp">
      <Filter>Header Files</Filter>
    </ClInclude>
    <ClInclude Include="C:\Users\chakanson\Documents\TTCP-2.7.1\AFSIM_TTCP_2.7.1-Dev\tools\wkf\plugins\MapDisplay\source\MapCursorStatusDockWidget.hpp">
      <Filter>Header Files</Filter>
    </ClInclude>
    <ClInclude Include="C:\Users\chakanson\Documents\TTCP-2.7.1\AFSIM_TTCP_2.7.1-Dev\tools\wkf\plugins\MapDisplay\source\MapCursorStatusUpdater.hpp">
      <Filter>Header Files</Filter>
    </ClInclude>
    <ClInclude Include="C:\Users\chakanson\Documents\TTCP-2.7.1\AFSIM_TTCP_2.7.1-Dev\tools\wkf\plugins\MapDisplay\source\MapCursorStatusWidget.hpp">
      <Filter>Header Files</Filter>
    </ClInclude>
    <ClInclude Include="C:\Users\chakanson\Documents\TTCP-2.7.1\AFSIM_TTCP_2.7.1-Dev\tools\wkf\plugins\MapDisplay\source\MapDockWidget.hpp">
      <Filter>Header Files</Filter>
    </ClInclude>
    <ClInclude Include="C:\Users\chakanson\Documents\TTCP-2.7.1\AFSIM_TTCP_2.7.1-Dev\tools\wkf\plugins\MapDisplay\source\MapPlugin.hpp">
      <Filter>Header Files</Filter>
    </ClInclude>
    <ClInclude Include="C:\Users\chakanson\Documents\TTCP-2.7.1\AFSIM_TTCP_2.7.1-Dev\tools\wkf\plugins\MapDisplay\source\MapPrefObject.hpp">
      <Filter>Header Files</Filter>
    </ClInclude>
    <ClInclude Include="C:\Users\chakanson\Documents\TTCP-2.7.1\AFSIM_TTCP_2.7.1-Dev\tools\wkf\plugins\MapDisplay\source\MapPrefWidget.hpp">
      <Filter>Header Files</Filter>
    </ClInclude>
    <ClInclude Include="C:\Users\chakanson\Documents\TTCP-2.7.1\AFSIM_TTCP_2.7.1-Dev\tools\wkf\plugins\MapDisplay\source\MapRulerPropertiesWidget.hpp">
      <Filter>Header Files</Filter>
    </ClInclude>
    <ClInclude Include="C:\Users\chakanson\Documents\TTCP-2.7.1\AFSIM_TTCP_2.7.1-Dev\tools\wkf\plugins\MapDisplay\source\MapToolbar.hpp">
      <Filter>Header Files</Filter>
    </ClInclude>
    <ClInclude Include="C:\Users\chakanson\Documents\TTCP-2.7.1\TT_build_weapon\build_mystic\wkf\MapDisplay\ui_CursorDockWidget.h">
      <Filter>qt_autogen\uic</Filter>
    </ClInclude>
    <ClInclude Include="C:\Users\chakanson\Documents\TTCP-2.7.1\TT_build_weapon\build_mystic\wkf\MapDisplay\ui_MapPrefWidget.h">
      <Filter>qt_autogen\uic</Filter>
    </ClInclude>
    <ClInclude Include="C:\Users\chakanson\Documents\TTCP-2.7.1\TT_build_weapon\build_mystic\wkf\MapDisplay\ui_RulerProperties.h">
      <Filter>qt_autogen\uic</Filter>
    </ClInclude>
  </ItemGroup>
  <ItemGroup>
    <CustomBuild Include="C:\Users\chakanson\Documents\TTCP-2.7.1\AFSIM_TTCP_2.7.1-Dev\tools\wkf\plugins\MapDisplay\ui\CursorDockWidget.ui">
      <Filter>ui</Filter>
    </CustomBuild>
    <CustomBuild Include="C:\Users\chakanson\Documents\TTCP-2.7.1\AFSIM_TTCP_2.7.1-Dev\tools\wkf\plugins\MapDisplay\ui\MapPrefWidget.ui">
      <Filter>ui</Filter>
    </CustomBuild>
    <CustomBuild Include="C:\Users\chakanson\Documents\TTCP-2.7.1\AFSIM_TTCP_2.7.1-Dev\tools\wkf\plugins\MapDisplay\ui\RulerProperties.ui">
      <Filter>ui</Filter>
    </CustomBuild>
    <CustomBuild Include="C:\Users\chakanson\Documents\TTCP-2.7.1\AFSIM_TTCP_2.7.1-Dev\tools\wkf\plugins\MapDisplay\source\CMakeLists.txt" />
  </ItemGroup>
  <ItemGroup>
    <Filter Include="Header Files">
      <UniqueIdentifier>{A0E814E8-B54A-3CC2-9654-C4DB59E60833}</UniqueIdentifier>
    </Filter>
    <Filter Include="Source Files">
      <UniqueIdentifier>{38C2E63F-362D-35F6-8699-73651E874153}</UniqueIdentifier>
    </Filter>
    <Filter Include="qt_autogen">
      <UniqueIdentifier>{705454FF-F41B-32AC-A8C7-EE9DBEECA67C}</UniqueIdentifier>
    </Filter>
    <Filter Include="qt_autogen\moc">
      <UniqueIdentifier>{02FE5F61-8144-388A-885C-8170C34D7B61}</UniqueIdentifier>
    </Filter>
    <Filter Include="qt_autogen\uic">
      <UniqueIdentifier>{B74942DC-A2AD-392D-9E2E-6B30344E072C}</UniqueIdentifier>
    </Filter>
    <Filter Include="ui">
      <UniqueIdentifier>{05A30D3F-9064-30D0-8058-1592F0B22C8E}</UniqueIdentifier>
    </Filter>
  </ItemGroup>
</Project>
