<?xml version="1.0" encoding="utf-8"?>
<Project ToolsVersion="15.0" xmlns="http://schemas.microsoft.com/developer/msbuild/2003">
  <ItemGroup>
    <ClCompile Include="C:\Users\chakanson\Documents\TTCP-2.7.1\AFSIM_TTCP_2.7.1-Dev\tools\geodata\test\main.cpp">
      <Filter>Source Files</Filter>
    </ClCompile>
    <ClCompile Include="C:\Users\chakanson\Documents\TTCP-2.7.1\AFSIM_TTCP_2.7.1-Dev\tools\geodata\test\test_dtedtile.cpp">
      <Filter>Source Files</Filter>
    </ClCompile>
    <ClCompile Include="C:\Users\chakanson\Documents\TTCP-2.7.1\AFSIM_TTCP_2.7.1-Dev\tools\geodata\test\test_floatgridtile.cpp">
      <Filter>Source Files</Filter>
    </ClCompile>
    <ClCompile Include="C:\Users\chakanson\Documents\TTCP-2.7.1\AFSIM_TTCP_2.7.1-Dev\tools\geodata\test\test_geotifftile.cpp">
      <Filter>Source Files</Filter>
    </ClCompile>
    <ClCompile Include="C:\Users\chakanson\Documents\TTCP-2.7.1\AFSIM_TTCP_2.7.1-Dev\tools\geodata\test\test_geotifftilemanager.cpp">
      <Filter>Source Files</Filter>
    </ClCompile>
  </ItemGroup>
  <ItemGroup>
    <CustomBuild Include="C:\Users\chakanson\Documents\TTCP-2.7.1\AFSIM_TTCP_2.7.1-Dev\tools\geodata\test\CMakeLists.txt" />
  </ItemGroup>
  <ItemGroup>
    <Filter Include="Source Files">
      <UniqueIdentifier>{38C2E63F-362D-35F6-8699-73651E874153}</UniqueIdentifier>
    </Filter>
  </ItemGroup>
</Project>
