<?xml version="1.0" encoding="utf-8"?>
<Project ToolsVersion="15.0" xmlns="http://schemas.microsoft.com/developer/msbuild/2003">
  <ItemGroup>
    <CustomBuild Include="C:\Users\chakanson\Documents\TTCP-2.7.1\AFSIM_TTCP_2.7.1-Dev\core\wsf\CMakeLists.txt">
      <Filter>configuration</Filter>
    </CustomBuild>
  </ItemGroup>
  <ItemGroup>
    <Filter Include="configuration">
      <UniqueIdentifier>{85FCA3B4-FDF0-39E7-8982-DAC85A0E1AD3}</UniqueIdentifier>
    </Filter>
  </ItemGroup>
</Project>
