
Microsoft Visual Studio Solution File, Format Version 12.00
# Visual Studio 15
Project("{2150E333-8FDC-42A3-9474-1A3956D46DE8}") = "CMakeTargets", "CMakeTargets", "{CDEDE747-FB37-3BB2-9692-FB8242DC489E}"
EndProject
Project("{2150E333-8FDC-42A3-9474-1A3956D46DE8}") = "QtAutogenTargets", "QtAutogenTargets", "{9312FE66-69A3-337F-81F8-21440056B179}"
EndProject
Project("{2150E333-8FDC-42A3-9474-1A3956D46DE8}") = "mystic", "mystic", "{85DFE01E-CA6D-3618-B1A5-643085E93437}"
EndProject
Project("{2150E333-8FDC-42A3-9474-1A3956D46DE8}") = "tools", "tools", "{8FFB631C-54ED-30F8-8103-DAD6C95366C3}"
EndProject
Project("{2150E333-8FDC-42A3-9474-1A3956D46DE8}") = "wkf", "tools\wkf", "{B7F90C40-B759-3C49-94CD-7852E626CAEF}"
EndProject
Project("{8BC9CEB8-8B4A-11D0-8D11-00A0C91BC942}") = "ALL_BUILD", "ALL_BUILD.vcxproj", "{BDA6FEF7-BC23-3520-B724-5BC199D14B43}"
	ProjectSection(ProjectDependencies) = postProject
		{9BBC3C7A-6F01-314E-9E4D-4DECBF342CE0} = {9BBC3C7A-6F01-314E-9E4D-4DECBF342CE0}
		{EBBBDAF1-22CA-34F6-9113-9BFB46A38B73} = {EBBBDAF1-22CA-34F6-9113-9BFB46A38B73}
	EndProjectSection
EndProject
Project("{8BC9CEB8-8B4A-11D0-8D11-00A0C91BC942}") = "INSTALL", "INSTALL.vcxproj", "{247ADCD5-518C-305B-B20F-7062F5AC4EDE}"
	ProjectSection(ProjectDependencies) = postProject
		{BDA6FEF7-BC23-3520-B724-5BC199D14B43} = {BDA6FEF7-BC23-3520-B724-5BC199D14B43}
		{9BBC3C7A-6F01-314E-9E4D-4DECBF342CE0} = {9BBC3C7A-6F01-314E-9E4D-4DECBF342CE0}
	EndProjectSection
EndProject
Project("{8BC9CEB8-8B4A-11D0-8D11-00A0C91BC942}") = "PACKAGE", "PACKAGE.vcxproj", "{C01E8FB3-5810-3A4B-9E34-CCAA474E0BB1}"
	ProjectSection(ProjectDependencies) = postProject
		{BDA6FEF7-BC23-3520-B724-5BC199D14B43} = {BDA6FEF7-BC23-3520-B724-5BC199D14B43}
		{9BBC3C7A-6F01-314E-9E4D-4DECBF342CE0} = {9BBC3C7A-6F01-314E-9E4D-4DECBF342CE0}
	EndProjectSection
EndProject
Project("{8BC9CEB8-8B4A-11D0-8D11-00A0C91BC942}") = "RUN_TESTS", "RUN_TESTS.vcxproj", "{E7AEC5BA-EA09-3AAE-8A13-42D5119A1E66}"
	ProjectSection(ProjectDependencies) = postProject
		{9BBC3C7A-6F01-314E-9E4D-4DECBF342CE0} = {9BBC3C7A-6F01-314E-9E4D-4DECBF342CE0}
	EndProjectSection
EndProject
Project("{8BC9CEB8-8B4A-11D0-8D11-00A0C91BC942}") = "ZERO_CHECK", "..\..\\ZERO_CHECK.vcxproj", "{9BBC3C7A-6F01-314E-9E4D-4DECBF342CE0}"
	ProjectSection(ProjectDependencies) = postProject
	EndProjectSection
EndProject
Project("{8BC9CEB8-8B4A-11D0-8D11-00A0C91BC942}") = "genio", "..\..\genio\genio.vcxproj", "{8FABABAF-02DD-3152-9FC3-571A86FAAD5E}"
	ProjectSection(ProjectDependencies) = postProject
		{9BBC3C7A-6F01-314E-9E4D-4DECBF342CE0} = {9BBC3C7A-6F01-314E-9E4D-4DECBF342CE0}
		{2AC51FF1-2636-3F2D-A6C4-D4B63234D737} = {2AC51FF1-2636-3F2D-A6C4-D4B63234D737}
	EndProjectSection
EndProject
Project("{8BC9CEB8-8B4A-11D0-8D11-00A0C91BC942}") = "geodata", "..\..\geodata\source\geodata.vcxproj", "{1B08D59F-1120-3E49-9EAC-F2079E07503D}"
	ProjectSection(ProjectDependencies) = postProject
		{9BBC3C7A-6F01-314E-9E4D-4DECBF342CE0} = {9BBC3C7A-6F01-314E-9E4D-4DECBF342CE0}
		{8FABABAF-02DD-3152-9FC3-571A86FAAD5E} = {8FABABAF-02DD-3152-9FC3-571A86FAAD5E}
		{2AC51FF1-2636-3F2D-A6C4-D4B63234D737} = {2AC51FF1-2636-3F2D-A6C4-D4B63234D737}
	EndProjectSection
EndProject
Project("{8BC9CEB8-8B4A-11D0-8D11-00A0C91BC942}") = "mystic_lib", "mystic_lib.vcxproj", "{EBBBDAF1-22CA-34F6-9113-9BFB46A38B73}"
	ProjectSection(ProjectDependencies) = postProject
		{9BBC3C7A-6F01-314E-9E4D-4DECBF342CE0} = {9BBC3C7A-6F01-314E-9E4D-4DECBF342CE0}
		{8FABABAF-02DD-3152-9FC3-571A86FAAD5E} = {8FABABAF-02DD-3152-9FC3-571A86FAAD5E}
		{1B08D59F-1120-3E49-9EAC-F2079E07503D} = {1B08D59F-1120-3E49-9EAC-F2079E07503D}
		{E9D165F4-9D4A-3301-92FB-FB29E06D240E} = {E9D165F4-9D4A-3301-92FB-FB29E06D240E}
		{9C615010-45DA-3C91-9186-96D8896AEB31} = {9C615010-45DA-3C91-9186-96D8896AEB31}
		{D671E473-F01A-3BA9-BDBD-B6BB55BDFBC8} = {D671E473-F01A-3BA9-BDBD-B6BB55BDFBC8}
		{2AC51FF1-2636-3F2D-A6C4-D4B63234D737} = {2AC51FF1-2636-3F2D-A6C4-D4B63234D737}
		{1B4BA645-AC9A-3B90-AB49-63BB47C59251} = {1B4BA645-AC9A-3B90-AB49-63BB47C59251}
		{229E470D-4554-3283-9BE9-006900BBBFB9} = {229E470D-4554-3283-9BE9-006900BBBFB9}
		{EF549507-4A6F-3686-85A9-2488C028E81F} = {EF549507-4A6F-3686-85A9-2488C028E81F}
		{7C945F50-515D-3716-8A52-7F4D21FC60C7} = {7C945F50-515D-3716-8A52-7F4D21FC60C7}
		{86356097-0346-3DB4-8ECD-8BCE5DD1D8F1} = {86356097-0346-3DB4-8ECD-8BCE5DD1D8F1}
		{B04D4644-C993-3F8B-AC45-4023E5F909C8} = {B04D4644-C993-3F8B-AC45-4023E5F909C8}
		{1893724D-E276-3F53-97B0-605A8FFA10F9} = {1893724D-E276-3F53-97B0-605A8FFA10F9}
	EndProjectSection
EndProject
Project("{8BC9CEB8-8B4A-11D0-8D11-00A0C91BC942}") = "mystic_lib_autogen", "mystic_lib_autogen.vcxproj", "{E9D165F4-9D4A-3301-92FB-FB29E06D240E}"
	ProjectSection(ProjectDependencies) = postProject
		{9BBC3C7A-6F01-314E-9E4D-4DECBF342CE0} = {9BBC3C7A-6F01-314E-9E4D-4DECBF342CE0}
		{D671E473-F01A-3BA9-BDBD-B6BB55BDFBC8} = {D671E473-F01A-3BA9-BDBD-B6BB55BDFBC8}
		{2AC51FF1-2636-3F2D-A6C4-D4B63234D737} = {2AC51FF1-2636-3F2D-A6C4-D4B63234D737}
		{86356097-0346-3DB4-8ECD-8BCE5DD1D8F1} = {86356097-0346-3DB4-8ECD-8BCE5DD1D8F1}
		{B04D4644-C993-3F8B-AC45-4023E5F909C8} = {B04D4644-C993-3F8B-AC45-4023E5F909C8}
		{1893724D-E276-3F53-97B0-605A8FFA10F9} = {1893724D-E276-3F53-97B0-605A8FFA10F9}
	EndProjectSection
EndProject
Project("{8BC9CEB8-8B4A-11D0-8D11-00A0C91BC942}") = "osgdb_osgearth_dted_tms", "..\utilosg\osgdb_osgearth_dted_tms\osgdb_osgearth_dted_tms.vcxproj", "{9C615010-45DA-3C91-9186-96D8896AEB31}"
	ProjectSection(ProjectDependencies) = postProject
		{9BBC3C7A-6F01-314E-9E4D-4DECBF342CE0} = {9BBC3C7A-6F01-314E-9E4D-4DECBF342CE0}
	EndProjectSection
EndProject
Project("{8BC9CEB8-8B4A-11D0-8D11-00A0C91BC942}") = "pack_to_cpp", "..\..\wsf\pack_to_cpp\pack_to_cpp.vcxproj", "{D671E473-F01A-3BA9-BDBD-B6BB55BDFBC8}"
	ProjectSection(ProjectDependencies) = postProject
		{9BBC3C7A-6F01-314E-9E4D-4DECBF342CE0} = {9BBC3C7A-6F01-314E-9E4D-4DECBF342CE0}
	EndProjectSection
EndProject
Project("{8BC9CEB8-8B4A-11D0-8D11-00A0C91BC942}") = "util", "..\..\util\source\util.vcxproj", "{2AC51FF1-2636-3F2D-A6C4-D4B63234D737}"
	ProjectSection(ProjectDependencies) = postProject
		{9BBC3C7A-6F01-314E-9E4D-4DECBF342CE0} = {9BBC3C7A-6F01-314E-9E4D-4DECBF342CE0}
	EndProjectSection
EndProject
Project("{8BC9CEB8-8B4A-11D0-8D11-00A0C91BC942}") = "utilosg", "..\utilosg\utilosg.vcxproj", "{1B4BA645-AC9A-3B90-AB49-63BB47C59251}"
	ProjectSection(ProjectDependencies) = postProject
		{9BBC3C7A-6F01-314E-9E4D-4DECBF342CE0} = {9BBC3C7A-6F01-314E-9E4D-4DECBF342CE0}
		{2AC51FF1-2636-3F2D-A6C4-D4B63234D737} = {2AC51FF1-2636-3F2D-A6C4-D4B63234D737}
	EndProjectSection
EndProject
Project("{8BC9CEB8-8B4A-11D0-8D11-00A0C91BC942}") = "utilqt", "..\utilqt\utilqt.vcxproj", "{229E470D-4554-3283-9BE9-006900BBBFB9}"
	ProjectSection(ProjectDependencies) = postProject
		{9BBC3C7A-6F01-314E-9E4D-4DECBF342CE0} = {9BBC3C7A-6F01-314E-9E4D-4DECBF342CE0}
		{2AC51FF1-2636-3F2D-A6C4-D4B63234D737} = {2AC51FF1-2636-3F2D-A6C4-D4B63234D737}
	EndProjectSection
EndProject
Project("{8BC9CEB8-8B4A-11D0-8D11-00A0C91BC942}") = "vespatk", "..\vespatk\vespatk.vcxproj", "{EF549507-4A6F-3686-85A9-2488C028E81F}"
	ProjectSection(ProjectDependencies) = postProject
		{9BBC3C7A-6F01-314E-9E4D-4DECBF342CE0} = {9BBC3C7A-6F01-314E-9E4D-4DECBF342CE0}
		{8FABABAF-02DD-3152-9FC3-571A86FAAD5E} = {8FABABAF-02DD-3152-9FC3-571A86FAAD5E}
		{1B08D59F-1120-3E49-9EAC-F2079E07503D} = {1B08D59F-1120-3E49-9EAC-F2079E07503D}
		{9C615010-45DA-3C91-9186-96D8896AEB31} = {9C615010-45DA-3C91-9186-96D8896AEB31}
		{2AC51FF1-2636-3F2D-A6C4-D4B63234D737} = {2AC51FF1-2636-3F2D-A6C4-D4B63234D737}
		{1B4BA645-AC9A-3B90-AB49-63BB47C59251} = {1B4BA645-AC9A-3B90-AB49-63BB47C59251}
	EndProjectSection
EndProject
Project("{8BC9CEB8-8B4A-11D0-8D11-00A0C91BC942}") = "vespatk_qt", "..\vespatk_qt\vespatk_qt.vcxproj", "{7C945F50-515D-3716-8A52-7F4D21FC60C7}"
	ProjectSection(ProjectDependencies) = postProject
		{9BBC3C7A-6F01-314E-9E4D-4DECBF342CE0} = {9BBC3C7A-6F01-314E-9E4D-4DECBF342CE0}
		{8FABABAF-02DD-3152-9FC3-571A86FAAD5E} = {8FABABAF-02DD-3152-9FC3-571A86FAAD5E}
		{1B08D59F-1120-3E49-9EAC-F2079E07503D} = {1B08D59F-1120-3E49-9EAC-F2079E07503D}
		{9C615010-45DA-3C91-9186-96D8896AEB31} = {9C615010-45DA-3C91-9186-96D8896AEB31}
		{2AC51FF1-2636-3F2D-A6C4-D4B63234D737} = {2AC51FF1-2636-3F2D-A6C4-D4B63234D737}
		{1B4BA645-AC9A-3B90-AB49-63BB47C59251} = {1B4BA645-AC9A-3B90-AB49-63BB47C59251}
		{229E470D-4554-3283-9BE9-006900BBBFB9} = {229E470D-4554-3283-9BE9-006900BBBFB9}
		{EF549507-4A6F-3686-85A9-2488C028E81F} = {EF549507-4A6F-3686-85A9-2488C028E81F}
	EndProjectSection
EndProject
Project("{8BC9CEB8-8B4A-11D0-8D11-00A0C91BC942}") = "wkf", "..\wkf\wkf.vcxproj", "{86356097-0346-3DB4-8ECD-8BCE5DD1D8F1}"
	ProjectSection(ProjectDependencies) = postProject
		{9BBC3C7A-6F01-314E-9E4D-4DECBF342CE0} = {9BBC3C7A-6F01-314E-9E4D-4DECBF342CE0}
		{8FABABAF-02DD-3152-9FC3-571A86FAAD5E} = {8FABABAF-02DD-3152-9FC3-571A86FAAD5E}
		{1B08D59F-1120-3E49-9EAC-F2079E07503D} = {1B08D59F-1120-3E49-9EAC-F2079E07503D}
		{9C615010-45DA-3C91-9186-96D8896AEB31} = {9C615010-45DA-3C91-9186-96D8896AEB31}
		{2AC51FF1-2636-3F2D-A6C4-D4B63234D737} = {2AC51FF1-2636-3F2D-A6C4-D4B63234D737}
		{1B4BA645-AC9A-3B90-AB49-63BB47C59251} = {1B4BA645-AC9A-3B90-AB49-63BB47C59251}
		{229E470D-4554-3283-9BE9-006900BBBFB9} = {229E470D-4554-3283-9BE9-006900BBBFB9}
		{EF549507-4A6F-3686-85A9-2488C028E81F} = {EF549507-4A6F-3686-85A9-2488C028E81F}
		{7C945F50-515D-3716-8A52-7F4D21FC60C7} = {7C945F50-515D-3716-8A52-7F4D21FC60C7}
	EndProjectSection
EndProject
Project("{8BC9CEB8-8B4A-11D0-8D11-00A0C91BC942}") = "wkf_common", "..\wkf_common\wkf_common.vcxproj", "{B04D4644-C993-3F8B-AC45-4023E5F909C8}"
	ProjectSection(ProjectDependencies) = postProject
		{9BBC3C7A-6F01-314E-9E4D-4DECBF342CE0} = {9BBC3C7A-6F01-314E-9E4D-4DECBF342CE0}
		{8FABABAF-02DD-3152-9FC3-571A86FAAD5E} = {8FABABAF-02DD-3152-9FC3-571A86FAAD5E}
		{1B08D59F-1120-3E49-9EAC-F2079E07503D} = {1B08D59F-1120-3E49-9EAC-F2079E07503D}
		{9C615010-45DA-3C91-9186-96D8896AEB31} = {9C615010-45DA-3C91-9186-96D8896AEB31}
		{2AC51FF1-2636-3F2D-A6C4-D4B63234D737} = {2AC51FF1-2636-3F2D-A6C4-D4B63234D737}
		{1B4BA645-AC9A-3B90-AB49-63BB47C59251} = {1B4BA645-AC9A-3B90-AB49-63BB47C59251}
		{229E470D-4554-3283-9BE9-006900BBBFB9} = {229E470D-4554-3283-9BE9-006900BBBFB9}
		{EF549507-4A6F-3686-85A9-2488C028E81F} = {EF549507-4A6F-3686-85A9-2488C028E81F}
		{7C945F50-515D-3716-8A52-7F4D21FC60C7} = {7C945F50-515D-3716-8A52-7F4D21FC60C7}
		{86356097-0346-3DB4-8ECD-8BCE5DD1D8F1} = {86356097-0346-3DB4-8ECD-8BCE5DD1D8F1}
	EndProjectSection
EndProject
Project("{8BC9CEB8-8B4A-11D0-8D11-00A0C91BC942}") = "wsf_util", "..\..\wsf_util\wsf_util.vcxproj", "{1893724D-E276-3F53-97B0-605A8FFA10F9}"
	ProjectSection(ProjectDependencies) = postProject
		{9BBC3C7A-6F01-314E-9E4D-4DECBF342CE0} = {9BBC3C7A-6F01-314E-9E4D-4DECBF342CE0}
		{2AC51FF1-2636-3F2D-A6C4-D4B63234D737} = {2AC51FF1-2636-3F2D-A6C4-D4B63234D737}
	EndProjectSection
EndProject
Global
	GlobalSection(SolutionConfigurationPlatforms) = preSolution
		Debug|x64 = Debug|x64
		Release|x64 = Release|x64
		MinSizeRel|x64 = MinSizeRel|x64
		RelWithDebInfo|x64 = RelWithDebInfo|x64
	EndGlobalSection
	GlobalSection(ProjectConfigurationPlatforms) = postSolution
		{BDA6FEF7-BC23-3520-B724-5BC199D14B43}.Debug|x64.ActiveCfg = Debug|x64
		{BDA6FEF7-BC23-3520-B724-5BC199D14B43}.Debug|x64.Build.0 = Debug|x64
		{BDA6FEF7-BC23-3520-B724-5BC199D14B43}.Release|x64.ActiveCfg = Release|x64
		{BDA6FEF7-BC23-3520-B724-5BC199D14B43}.Release|x64.Build.0 = Release|x64
		{BDA6FEF7-BC23-3520-B724-5BC199D14B43}.MinSizeRel|x64.ActiveCfg = MinSizeRel|x64
		{BDA6FEF7-BC23-3520-B724-5BC199D14B43}.MinSizeRel|x64.Build.0 = MinSizeRel|x64
		{BDA6FEF7-BC23-3520-B724-5BC199D14B43}.RelWithDebInfo|x64.ActiveCfg = RelWithDebInfo|x64
		{BDA6FEF7-BC23-3520-B724-5BC199D14B43}.RelWithDebInfo|x64.Build.0 = RelWithDebInfo|x64
		{247ADCD5-518C-305B-B20F-7062F5AC4EDE}.Debug|x64.ActiveCfg = Debug|x64
		{247ADCD5-518C-305B-B20F-7062F5AC4EDE}.Release|x64.ActiveCfg = Release|x64
		{247ADCD5-518C-305B-B20F-7062F5AC4EDE}.MinSizeRel|x64.ActiveCfg = MinSizeRel|x64
		{247ADCD5-518C-305B-B20F-7062F5AC4EDE}.RelWithDebInfo|x64.ActiveCfg = RelWithDebInfo|x64
		{C01E8FB3-5810-3A4B-9E34-CCAA474E0BB1}.Debug|x64.ActiveCfg = Debug|x64
		{C01E8FB3-5810-3A4B-9E34-CCAA474E0BB1}.Release|x64.ActiveCfg = Release|x64
		{C01E8FB3-5810-3A4B-9E34-CCAA474E0BB1}.MinSizeRel|x64.ActiveCfg = MinSizeRel|x64
		{C01E8FB3-5810-3A4B-9E34-CCAA474E0BB1}.RelWithDebInfo|x64.ActiveCfg = RelWithDebInfo|x64
		{E7AEC5BA-EA09-3AAE-8A13-42D5119A1E66}.Debug|x64.ActiveCfg = Debug|x64
		{E7AEC5BA-EA09-3AAE-8A13-42D5119A1E66}.Release|x64.ActiveCfg = Release|x64
		{E7AEC5BA-EA09-3AAE-8A13-42D5119A1E66}.MinSizeRel|x64.ActiveCfg = MinSizeRel|x64
		{E7AEC5BA-EA09-3AAE-8A13-42D5119A1E66}.RelWithDebInfo|x64.ActiveCfg = RelWithDebInfo|x64
		{9BBC3C7A-6F01-314E-9E4D-4DECBF342CE0}.Debug|x64.ActiveCfg = Debug|x64
		{9BBC3C7A-6F01-314E-9E4D-4DECBF342CE0}.Debug|x64.Build.0 = Debug|x64
		{9BBC3C7A-6F01-314E-9E4D-4DECBF342CE0}.Release|x64.ActiveCfg = Release|x64
		{9BBC3C7A-6F01-314E-9E4D-4DECBF342CE0}.Release|x64.Build.0 = Release|x64
		{9BBC3C7A-6F01-314E-9E4D-4DECBF342CE0}.MinSizeRel|x64.ActiveCfg = MinSizeRel|x64
		{9BBC3C7A-6F01-314E-9E4D-4DECBF342CE0}.MinSizeRel|x64.Build.0 = MinSizeRel|x64
		{9BBC3C7A-6F01-314E-9E4D-4DECBF342CE0}.RelWithDebInfo|x64.ActiveCfg = RelWithDebInfo|x64
		{9BBC3C7A-6F01-314E-9E4D-4DECBF342CE0}.RelWithDebInfo|x64.Build.0 = RelWithDebInfo|x64
		{8FABABAF-02DD-3152-9FC3-571A86FAAD5E}.Debug|x64.ActiveCfg = Debug|x64
		{8FABABAF-02DD-3152-9FC3-571A86FAAD5E}.Debug|x64.Build.0 = Debug|x64
		{8FABABAF-02DD-3152-9FC3-571A86FAAD5E}.Release|x64.ActiveCfg = Release|x64
		{8FABABAF-02DD-3152-9FC3-571A86FAAD5E}.Release|x64.Build.0 = Release|x64
		{8FABABAF-02DD-3152-9FC3-571A86FAAD5E}.MinSizeRel|x64.ActiveCfg = MinSizeRel|x64
		{8FABABAF-02DD-3152-9FC3-571A86FAAD5E}.MinSizeRel|x64.Build.0 = MinSizeRel|x64
		{8FABABAF-02DD-3152-9FC3-571A86FAAD5E}.RelWithDebInfo|x64.ActiveCfg = RelWithDebInfo|x64
		{8FABABAF-02DD-3152-9FC3-571A86FAAD5E}.RelWithDebInfo|x64.Build.0 = RelWithDebInfo|x64
		{1B08D59F-1120-3E49-9EAC-F2079E07503D}.Debug|x64.ActiveCfg = Debug|x64
		{1B08D59F-1120-3E49-9EAC-F2079E07503D}.Debug|x64.Build.0 = Debug|x64
		{1B08D59F-1120-3E49-9EAC-F2079E07503D}.Release|x64.ActiveCfg = Release|x64
		{1B08D59F-1120-3E49-9EAC-F2079E07503D}.Release|x64.Build.0 = Release|x64
		{1B08D59F-1120-3E49-9EAC-F2079E07503D}.MinSizeRel|x64.ActiveCfg = MinSizeRel|x64
		{1B08D59F-1120-3E49-9EAC-F2079E07503D}.MinSizeRel|x64.Build.0 = MinSizeRel|x64
		{1B08D59F-1120-3E49-9EAC-F2079E07503D}.RelWithDebInfo|x64.ActiveCfg = RelWithDebInfo|x64
		{1B08D59F-1120-3E49-9EAC-F2079E07503D}.RelWithDebInfo|x64.Build.0 = RelWithDebInfo|x64
		{EBBBDAF1-22CA-34F6-9113-9BFB46A38B73}.Debug|x64.ActiveCfg = Debug|x64
		{EBBBDAF1-22CA-34F6-9113-9BFB46A38B73}.Debug|x64.Build.0 = Debug|x64
		{EBBBDAF1-22CA-34F6-9113-9BFB46A38B73}.Release|x64.ActiveCfg = Release|x64
		{EBBBDAF1-22CA-34F6-9113-9BFB46A38B73}.Release|x64.Build.0 = Release|x64
		{EBBBDAF1-22CA-34F6-9113-9BFB46A38B73}.MinSizeRel|x64.ActiveCfg = MinSizeRel|x64
		{EBBBDAF1-22CA-34F6-9113-9BFB46A38B73}.MinSizeRel|x64.Build.0 = MinSizeRel|x64
		{EBBBDAF1-22CA-34F6-9113-9BFB46A38B73}.RelWithDebInfo|x64.ActiveCfg = RelWithDebInfo|x64
		{EBBBDAF1-22CA-34F6-9113-9BFB46A38B73}.RelWithDebInfo|x64.Build.0 = RelWithDebInfo|x64
		{E9D165F4-9D4A-3301-92FB-FB29E06D240E}.Debug|x64.ActiveCfg = Debug|x64
		{E9D165F4-9D4A-3301-92FB-FB29E06D240E}.Debug|x64.Build.0 = Debug|x64
		{E9D165F4-9D4A-3301-92FB-FB29E06D240E}.Release|x64.ActiveCfg = Release|x64
		{E9D165F4-9D4A-3301-92FB-FB29E06D240E}.Release|x64.Build.0 = Release|x64
		{E9D165F4-9D4A-3301-92FB-FB29E06D240E}.MinSizeRel|x64.ActiveCfg = MinSizeRel|x64
		{E9D165F4-9D4A-3301-92FB-FB29E06D240E}.MinSizeRel|x64.Build.0 = MinSizeRel|x64
		{E9D165F4-9D4A-3301-92FB-FB29E06D240E}.RelWithDebInfo|x64.ActiveCfg = RelWithDebInfo|x64
		{E9D165F4-9D4A-3301-92FB-FB29E06D240E}.RelWithDebInfo|x64.Build.0 = RelWithDebInfo|x64
		{9C615010-45DA-3C91-9186-96D8896AEB31}.Debug|x64.ActiveCfg = Debug|x64
		{9C615010-45DA-3C91-9186-96D8896AEB31}.Debug|x64.Build.0 = Debug|x64
		{9C615010-45DA-3C91-9186-96D8896AEB31}.Release|x64.ActiveCfg = Release|x64
		{9C615010-45DA-3C91-9186-96D8896AEB31}.Release|x64.Build.0 = Release|x64
		{9C615010-45DA-3C91-9186-96D8896AEB31}.MinSizeRel|x64.ActiveCfg = MinSizeRel|x64
		{9C615010-45DA-3C91-9186-96D8896AEB31}.MinSizeRel|x64.Build.0 = MinSizeRel|x64
		{9C615010-45DA-3C91-9186-96D8896AEB31}.RelWithDebInfo|x64.ActiveCfg = RelWithDebInfo|x64
		{9C615010-45DA-3C91-9186-96D8896AEB31}.RelWithDebInfo|x64.Build.0 = RelWithDebInfo|x64
		{D671E473-F01A-3BA9-BDBD-B6BB55BDFBC8}.Debug|x64.ActiveCfg = Debug|x64
		{D671E473-F01A-3BA9-BDBD-B6BB55BDFBC8}.Debug|x64.Build.0 = Debug|x64
		{D671E473-F01A-3BA9-BDBD-B6BB55BDFBC8}.Release|x64.ActiveCfg = Release|x64
		{D671E473-F01A-3BA9-BDBD-B6BB55BDFBC8}.Release|x64.Build.0 = Release|x64
		{D671E473-F01A-3BA9-BDBD-B6BB55BDFBC8}.MinSizeRel|x64.ActiveCfg = MinSizeRel|x64
		{D671E473-F01A-3BA9-BDBD-B6BB55BDFBC8}.MinSizeRel|x64.Build.0 = MinSizeRel|x64
		{D671E473-F01A-3BA9-BDBD-B6BB55BDFBC8}.RelWithDebInfo|x64.ActiveCfg = RelWithDebInfo|x64
		{D671E473-F01A-3BA9-BDBD-B6BB55BDFBC8}.RelWithDebInfo|x64.Build.0 = RelWithDebInfo|x64
		{2AC51FF1-2636-3F2D-A6C4-D4B63234D737}.Debug|x64.ActiveCfg = Debug|x64
		{2AC51FF1-2636-3F2D-A6C4-D4B63234D737}.Debug|x64.Build.0 = Debug|x64
		{2AC51FF1-2636-3F2D-A6C4-D4B63234D737}.Release|x64.ActiveCfg = Release|x64
		{2AC51FF1-2636-3F2D-A6C4-D4B63234D737}.Release|x64.Build.0 = Release|x64
		{2AC51FF1-2636-3F2D-A6C4-D4B63234D737}.MinSizeRel|x64.ActiveCfg = MinSizeRel|x64
		{2AC51FF1-2636-3F2D-A6C4-D4B63234D737}.MinSizeRel|x64.Build.0 = MinSizeRel|x64
		{2AC51FF1-2636-3F2D-A6C4-D4B63234D737}.RelWithDebInfo|x64.ActiveCfg = RelWithDebInfo|x64
		{2AC51FF1-2636-3F2D-A6C4-D4B63234D737}.RelWithDebInfo|x64.Build.0 = RelWithDebInfo|x64
		{1B4BA645-AC9A-3B90-AB49-63BB47C59251}.Debug|x64.ActiveCfg = Debug|x64
		{1B4BA645-AC9A-3B90-AB49-63BB47C59251}.Debug|x64.Build.0 = Debug|x64
		{1B4BA645-AC9A-3B90-AB49-63BB47C59251}.Release|x64.ActiveCfg = Release|x64
		{1B4BA645-AC9A-3B90-AB49-63BB47C59251}.Release|x64.Build.0 = Release|x64
		{1B4BA645-AC9A-3B90-AB49-63BB47C59251}.MinSizeRel|x64.ActiveCfg = MinSizeRel|x64
		{1B4BA645-AC9A-3B90-AB49-63BB47C59251}.MinSizeRel|x64.Build.0 = MinSizeRel|x64
		{1B4BA645-AC9A-3B90-AB49-63BB47C59251}.RelWithDebInfo|x64.ActiveCfg = RelWithDebInfo|x64
		{1B4BA645-AC9A-3B90-AB49-63BB47C59251}.RelWithDebInfo|x64.Build.0 = RelWithDebInfo|x64
		{229E470D-4554-3283-9BE9-006900BBBFB9}.Debug|x64.ActiveCfg = Debug|x64
		{229E470D-4554-3283-9BE9-006900BBBFB9}.Debug|x64.Build.0 = Debug|x64
		{229E470D-4554-3283-9BE9-006900BBBFB9}.Release|x64.ActiveCfg = Release|x64
		{229E470D-4554-3283-9BE9-006900BBBFB9}.Release|x64.Build.0 = Release|x64
		{229E470D-4554-3283-9BE9-006900BBBFB9}.MinSizeRel|x64.ActiveCfg = MinSizeRel|x64
		{229E470D-4554-3283-9BE9-006900BBBFB9}.MinSizeRel|x64.Build.0 = MinSizeRel|x64
		{229E470D-4554-3283-9BE9-006900BBBFB9}.RelWithDebInfo|x64.ActiveCfg = RelWithDebInfo|x64
		{229E470D-4554-3283-9BE9-006900BBBFB9}.RelWithDebInfo|x64.Build.0 = RelWithDebInfo|x64
		{EF549507-4A6F-3686-85A9-2488C028E81F}.Debug|x64.ActiveCfg = Debug|x64
		{EF549507-4A6F-3686-85A9-2488C028E81F}.Debug|x64.Build.0 = Debug|x64
		{EF549507-4A6F-3686-85A9-2488C028E81F}.Release|x64.ActiveCfg = Release|x64
		{EF549507-4A6F-3686-85A9-2488C028E81F}.Release|x64.Build.0 = Release|x64
		{EF549507-4A6F-3686-85A9-2488C028E81F}.MinSizeRel|x64.ActiveCfg = MinSizeRel|x64
		{EF549507-4A6F-3686-85A9-2488C028E81F}.MinSizeRel|x64.Build.0 = MinSizeRel|x64
		{EF549507-4A6F-3686-85A9-2488C028E81F}.RelWithDebInfo|x64.ActiveCfg = RelWithDebInfo|x64
		{EF549507-4A6F-3686-85A9-2488C028E81F}.RelWithDebInfo|x64.Build.0 = RelWithDebInfo|x64
		{7C945F50-515D-3716-8A52-7F4D21FC60C7}.Debug|x64.ActiveCfg = Debug|x64
		{7C945F50-515D-3716-8A52-7F4D21FC60C7}.Debug|x64.Build.0 = Debug|x64
		{7C945F50-515D-3716-8A52-7F4D21FC60C7}.Release|x64.ActiveCfg = Release|x64
		{7C945F50-515D-3716-8A52-7F4D21FC60C7}.Release|x64.Build.0 = Release|x64
		{7C945F50-515D-3716-8A52-7F4D21FC60C7}.MinSizeRel|x64.ActiveCfg = MinSizeRel|x64
		{7C945F50-515D-3716-8A52-7F4D21FC60C7}.MinSizeRel|x64.Build.0 = MinSizeRel|x64
		{7C945F50-515D-3716-8A52-7F4D21FC60C7}.RelWithDebInfo|x64.ActiveCfg = RelWithDebInfo|x64
		{7C945F50-515D-3716-8A52-7F4D21FC60C7}.RelWithDebInfo|x64.Build.0 = RelWithDebInfo|x64
		{86356097-0346-3DB4-8ECD-8BCE5DD1D8F1}.Debug|x64.ActiveCfg = Debug|x64
		{86356097-0346-3DB4-8ECD-8BCE5DD1D8F1}.Debug|x64.Build.0 = Debug|x64
		{86356097-0346-3DB4-8ECD-8BCE5DD1D8F1}.Release|x64.ActiveCfg = Release|x64
		{86356097-0346-3DB4-8ECD-8BCE5DD1D8F1}.Release|x64.Build.0 = Release|x64
		{86356097-0346-3DB4-8ECD-8BCE5DD1D8F1}.MinSizeRel|x64.ActiveCfg = MinSizeRel|x64
		{86356097-0346-3DB4-8ECD-8BCE5DD1D8F1}.MinSizeRel|x64.Build.0 = MinSizeRel|x64
		{86356097-0346-3DB4-8ECD-8BCE5DD1D8F1}.RelWithDebInfo|x64.ActiveCfg = RelWithDebInfo|x64
		{86356097-0346-3DB4-8ECD-8BCE5DD1D8F1}.RelWithDebInfo|x64.Build.0 = RelWithDebInfo|x64
		{B04D4644-C993-3F8B-AC45-4023E5F909C8}.Debug|x64.ActiveCfg = Debug|x64
		{B04D4644-C993-3F8B-AC45-4023E5F909C8}.Debug|x64.Build.0 = Debug|x64
		{B04D4644-C993-3F8B-AC45-4023E5F909C8}.Release|x64.ActiveCfg = Release|x64
		{B04D4644-C993-3F8B-AC45-4023E5F909C8}.Release|x64.Build.0 = Release|x64
		{B04D4644-C993-3F8B-AC45-4023E5F909C8}.MinSizeRel|x64.ActiveCfg = MinSizeRel|x64
		{B04D4644-C993-3F8B-AC45-4023E5F909C8}.MinSizeRel|x64.Build.0 = MinSizeRel|x64
		{B04D4644-C993-3F8B-AC45-4023E5F909C8}.RelWithDebInfo|x64.ActiveCfg = RelWithDebInfo|x64
		{B04D4644-C993-3F8B-AC45-4023E5F909C8}.RelWithDebInfo|x64.Build.0 = RelWithDebInfo|x64
		{1893724D-E276-3F53-97B0-605A8FFA10F9}.Debug|x64.ActiveCfg = Debug|x64
		{1893724D-E276-3F53-97B0-605A8FFA10F9}.Debug|x64.Build.0 = Debug|x64
		{1893724D-E276-3F53-97B0-605A8FFA10F9}.Release|x64.ActiveCfg = Release|x64
		{1893724D-E276-3F53-97B0-605A8FFA10F9}.Release|x64.Build.0 = Release|x64
		{1893724D-E276-3F53-97B0-605A8FFA10F9}.MinSizeRel|x64.ActiveCfg = MinSizeRel|x64
		{1893724D-E276-3F53-97B0-605A8FFA10F9}.MinSizeRel|x64.Build.0 = MinSizeRel|x64
		{1893724D-E276-3F53-97B0-605A8FFA10F9}.RelWithDebInfo|x64.ActiveCfg = RelWithDebInfo|x64
		{1893724D-E276-3F53-97B0-605A8FFA10F9}.RelWithDebInfo|x64.Build.0 = RelWithDebInfo|x64
	EndGlobalSection
	GlobalSection(NestedProjects) = preSolution
		{BDA6FEF7-BC23-3520-B724-5BC199D14B43} = {CDEDE747-FB37-3BB2-9692-FB8242DC489E}
		{247ADCD5-518C-305B-B20F-7062F5AC4EDE} = {CDEDE747-FB37-3BB2-9692-FB8242DC489E}
		{C01E8FB3-5810-3A4B-9E34-CCAA474E0BB1} = {CDEDE747-FB37-3BB2-9692-FB8242DC489E}
		{E7AEC5BA-EA09-3AAE-8A13-42D5119A1E66} = {CDEDE747-FB37-3BB2-9692-FB8242DC489E}
		{9BBC3C7A-6F01-314E-9E4D-4DECBF342CE0} = {CDEDE747-FB37-3BB2-9692-FB8242DC489E}
		{E9D165F4-9D4A-3301-92FB-FB29E06D240E} = {9312FE66-69A3-337F-81F8-21440056B179}
		{EBBBDAF1-22CA-34F6-9113-9BFB46A38B73} = {85DFE01E-CA6D-3618-B1A5-643085E93437}
		{B7F90C40-B759-3C49-94CD-7852E626CAEF} = {8FFB631C-54ED-30F8-8103-DAD6C95366C3}
		{8FABABAF-02DD-3152-9FC3-571A86FAAD5E} = {8FFB631C-54ED-30F8-8103-DAD6C95366C3}
		{1B08D59F-1120-3E49-9EAC-F2079E07503D} = {8FFB631C-54ED-30F8-8103-DAD6C95366C3}
		{9C615010-45DA-3C91-9186-96D8896AEB31} = {8FFB631C-54ED-30F8-8103-DAD6C95366C3}
		{2AC51FF1-2636-3F2D-A6C4-D4B63234D737} = {8FFB631C-54ED-30F8-8103-DAD6C95366C3}
		{1B4BA645-AC9A-3B90-AB49-63BB47C59251} = {8FFB631C-54ED-30F8-8103-DAD6C95366C3}
		{229E470D-4554-3283-9BE9-006900BBBFB9} = {8FFB631C-54ED-30F8-8103-DAD6C95366C3}
		{EF549507-4A6F-3686-85A9-2488C028E81F} = {8FFB631C-54ED-30F8-8103-DAD6C95366C3}
		{7C945F50-515D-3716-8A52-7F4D21FC60C7} = {8FFB631C-54ED-30F8-8103-DAD6C95366C3}
		{86356097-0346-3DB4-8ECD-8BCE5DD1D8F1} = {B7F90C40-B759-3C49-94CD-7852E626CAEF}
		{B04D4644-C993-3F8B-AC45-4023E5F909C8} = {B7F90C40-B759-3C49-94CD-7852E626CAEF}
	EndGlobalSection
	GlobalSection(ExtensibilityGlobals) = postSolution
		SolutionGuid = {BD5FA797-1648-3837-8B4D-B5589D879D59}
	EndGlobalSection
	GlobalSection(ExtensibilityAddIns) = postSolution
	EndGlobalSection
EndGlobal
