<?xml version="1.0" encoding="utf-8"?>
<Project ToolsVersion="15.0" xmlns="http://schemas.microsoft.com/developer/msbuild/2003">
  <ItemGroup>
    <ClCompile Include="C:\Users\chakanson\Documents\TTCP-2.7.1\TT_build_weapon\build_mystic\vespatk_qt\vespatk_qt_autogen\mocs_compilation_Debug.cpp">
      <Filter>qt_autogen\moc</Filter>
    </ClCompile>
    <ClCompile Include="C:\Users\chakanson\Documents\TTCP-2.7.1\AFSIM_TTCP_2.7.1-Dev\tools\vespatk\vespatk_qt\source\AngleEntry.cpp">
      <Filter>Source Files</Filter>
    </ClCompile>
    <ClCompile Include="C:\Users\chakanson\Documents\TTCP-2.7.1\AFSIM_TTCP_2.7.1-Dev\tools\vespatk\vespatk_qt\source\VaAttachmentAngles.cpp">
      <Filter>Source Files</Filter>
    </ClCompile>
    <ClCompile Include="C:\Users\chakanson\Documents\TTCP-2.7.1\AFSIM_TTCP_2.7.1-Dev\tools\vespatk\vespatk_qt\source\VaAttachmentQt.cpp">
      <Filter>Source Files</Filter>
    </ClCompile>
    <ClCompile Include="C:\Users\chakanson\Documents\TTCP-2.7.1\AFSIM_TTCP_2.7.1-Dev\tools\vespatk\vespatk_qt\source\VaDecoratorNode.cpp">
      <Filter>Source Files</Filter>
    </ClCompile>
    <ClCompile Include="C:\Users\chakanson\Documents\TTCP-2.7.1\AFSIM_TTCP_2.7.1-Dev\tools\vespatk\vespatk_qt\source\VaOSG_ScenegraphBrowserQt.cpp">
      <Filter>Source Files</Filter>
    </ClCompile>
    <ClCompile Include="C:\Users\chakanson\Documents\TTCP-2.7.1\AFSIM_TTCP_2.7.1-Dev\tools\vespatk\vespatk_qt\source\VaOverlayMapGrid.cpp">
      <Filter>Source Files</Filter>
    </ClCompile>
    <ClCompile Include="C:\Users\chakanson\Documents\TTCP-2.7.1\AFSIM_TTCP_2.7.1-Dev\tools\vespatk\vespatk_qt\source\VaOverlayMapRings.cpp">
      <Filter>Source Files</Filter>
    </ClCompile>
    <ClCompile Include="C:\Users\chakanson\Documents\TTCP-2.7.1\AFSIM_TTCP_2.7.1-Dev\tools\vespatk\vespatk_qt\source\VaOverlayQt.cpp">
      <Filter>Source Files</Filter>
    </ClCompile>
    <ClCompile Include="C:\Users\chakanson\Documents\TTCP-2.7.1\AFSIM_TTCP_2.7.1-Dev\tools\vespatk\vespatk_qt\source\VaWidget.cpp">
      <Filter>Source Files</Filter>
    </ClCompile>
    <ClCompile Include="C:\Users\chakanson\Documents\TTCP-2.7.1\TT_build_weapon\build_mystic\vespatk_qt\vespatk_qt_autogen\mocs_compilation_Release.cpp">
      <Filter>qt_autogen\moc</Filter>
    </ClCompile>
    <ClCompile Include="C:\Users\chakanson\Documents\TTCP-2.7.1\TT_build_weapon\build_mystic\vespatk_qt\vespatk_qt_autogen\mocs_compilation_MinSizeRel.cpp">
      <Filter>qt_autogen\moc</Filter>
    </ClCompile>
    <ClCompile Include="C:\Users\chakanson\Documents\TTCP-2.7.1\TT_build_weapon\build_mystic\vespatk_qt\vespatk_qt_autogen\mocs_compilation_RelWithDebInfo.cpp">
      <Filter>qt_autogen\moc</Filter>
    </ClCompile>
  </ItemGroup>
  <ItemGroup>
    <ClInclude Include="C:\Users\chakanson\Documents\TTCP-2.7.1\AFSIM_TTCP_2.7.1-Dev\tools\vespatk\vespatk_qt\source\AngleEntry.hpp">
      <Filter>Header Files</Filter>
    </ClInclude>
    <ClInclude Include="C:\Users\chakanson\Documents\TTCP-2.7.1\AFSIM_TTCP_2.7.1-Dev\tools\vespatk\vespatk_qt\source\VaAttachmentAngles.hpp">
      <Filter>Header Files</Filter>
    </ClInclude>
    <ClInclude Include="C:\Users\chakanson\Documents\TTCP-2.7.1\AFSIM_TTCP_2.7.1-Dev\tools\vespatk\vespatk_qt\source\VaAttachmentQt.hpp">
      <Filter>Header Files</Filter>
    </ClInclude>
    <ClInclude Include="C:\Users\chakanson\Documents\TTCP-2.7.1\AFSIM_TTCP_2.7.1-Dev\tools\vespatk\vespatk_qt\source\VaDecoratorNode.hpp">
      <Filter>Header Files</Filter>
    </ClInclude>
    <ClInclude Include="C:\Users\chakanson\Documents\TTCP-2.7.1\AFSIM_TTCP_2.7.1-Dev\tools\vespatk\vespatk_qt\source\VaOSG_ScenegraphBrowserQt.hpp">
      <Filter>Header Files</Filter>
    </ClInclude>
    <ClInclude Include="C:\Users\chakanson\Documents\TTCP-2.7.1\AFSIM_TTCP_2.7.1-Dev\tools\vespatk\vespatk_qt\source\VaOverlayMapGrid.hpp">
      <Filter>Header Files</Filter>
    </ClInclude>
    <ClInclude Include="C:\Users\chakanson\Documents\TTCP-2.7.1\AFSIM_TTCP_2.7.1-Dev\tools\vespatk\vespatk_qt\source\VaOverlayMapRings.hpp">
      <Filter>Header Files</Filter>
    </ClInclude>
    <ClInclude Include="C:\Users\chakanson\Documents\TTCP-2.7.1\AFSIM_TTCP_2.7.1-Dev\tools\vespatk\vespatk_qt\source\VaOverlayQt.hpp">
      <Filter>Header Files</Filter>
    </ClInclude>
    <ClInclude Include="C:\Users\chakanson\Documents\TTCP-2.7.1\AFSIM_TTCP_2.7.1-Dev\tools\vespatk\vespatk_qt\source\VaWidget.hpp">
      <Filter>Header Files</Filter>
    </ClInclude>
  </ItemGroup>
  <ItemGroup>
    <CustomBuild Include="C:\Users\chakanson\Documents\TTCP-2.7.1\AFSIM_TTCP_2.7.1-Dev\tools\vespatk\vespatk_qt\source\CMakeLists.txt" />
  </ItemGroup>
  <ItemGroup>
    <Filter Include="Header Files">
      <UniqueIdentifier>{A0E814E8-B54A-3CC2-9654-C4DB59E60833}</UniqueIdentifier>
    </Filter>
    <Filter Include="Source Files">
      <UniqueIdentifier>{38C2E63F-362D-35F6-8699-73651E874153}</UniqueIdentifier>
    </Filter>
    <Filter Include="qt_autogen">
      <UniqueIdentifier>{705454FF-F41B-32AC-A8C7-EE9DBEECA67C}</UniqueIdentifier>
    </Filter>
    <Filter Include="qt_autogen\moc">
      <UniqueIdentifier>{02FE5F61-8144-388A-885C-8170C34D7B61}</UniqueIdentifier>
    </Filter>
  </ItemGroup>
</Project>
