<?xml version="1.0" encoding="utf-8"?>
<Project ToolsVersion="15.0" xmlns="http://schemas.microsoft.com/developer/msbuild/2003">
  <ItemGroup>
    <ClCompile Include="C:\Users\chakanson\Documents\TTCP-2.7.1\TT_build_weapon\build_mystic\wkf\wkf_autogen\mocs_compilation_Debug.cpp">
      <Filter>qt_autogen\moc</Filter>
    </ClCompile>
    <ClCompile Include="C:\Users\chakanson\Documents\TTCP-2.7.1\AFSIM_TTCP_2.7.1-Dev\tools\wkf\core\source\WkfAboutDialog.cpp">
      <Filter>Source Files</Filter>
    </ClCompile>
    <ClCompile Include="C:\Users\chakanson\Documents\TTCP-2.7.1\AFSIM_TTCP_2.7.1-Dev\tools\wkf\core\source\WkfAbstractTableModel.cpp">
      <Filter>Source Files</Filter>
    </ClCompile>
    <ClCompile Include="C:\Users\chakanson\Documents\TTCP-2.7.1\AFSIM_TTCP_2.7.1-Dev\tools\wkf\core\source\WkfAngleViewUpdater.cpp">
      <Filter>Source Files</Filter>
    </ClCompile>
    <ClCompile Include="C:\Users\chakanson\Documents\TTCP-2.7.1\AFSIM_TTCP_2.7.1-Dev\tools\wkf\core\source\WkfAttachmentModel.cpp">
      <Filter>Source Files</Filter>
    </ClCompile>
    <ClCompile Include="C:\Users\chakanson\Documents\TTCP-2.7.1\AFSIM_TTCP_2.7.1-Dev\tools\wkf\core\source\WkfAttachmentRubberband.cpp">
      <Filter>Source Files</Filter>
    </ClCompile>
    <ClCompile Include="C:\Users\chakanson\Documents\TTCP-2.7.1\AFSIM_TTCP_2.7.1-Dev\tools\wkf\core\source\WkfBullseye.cpp">
      <Filter>Source Files</Filter>
    </ClCompile>
    <ClCompile Include="C:\Users\chakanson\Documents\TTCP-2.7.1\AFSIM_TTCP_2.7.1-Dev\tools\wkf\core\source\WkfComboBoxTreeWidgetItem.cpp">
      <Filter>Source Files</Filter>
    </ClCompile>
    <ClCompile Include="C:\Users\chakanson\Documents\TTCP-2.7.1\AFSIM_TTCP_2.7.1-Dev\tools\wkf\core\source\WkfConfigurationObject.cpp">
      <Filter>Source Files</Filter>
    </ClCompile>
    <ClCompile Include="C:\Users\chakanson\Documents\TTCP-2.7.1\AFSIM_TTCP_2.7.1-Dev\tools\wkf\core\source\WkfDebugPrefObject.cpp">
      <Filter>Source Files</Filter>
    </ClCompile>
    <ClCompile Include="C:\Users\chakanson\Documents\TTCP-2.7.1\AFSIM_TTCP_2.7.1-Dev\tools\wkf\core\source\WkfDebugPrefWidget.cpp">
      <Filter>Source Files</Filter>
    </ClCompile>
    <ClCompile Include="C:\Users\chakanson\Documents\TTCP-2.7.1\AFSIM_TTCP_2.7.1-Dev\tools\wkf\core\source\WkfDialog.cpp">
      <Filter>Source Files</Filter>
    </ClCompile>
    <ClCompile Include="C:\Users\chakanson\Documents\TTCP-2.7.1\AFSIM_TTCP_2.7.1-Dev\tools\wkf\core\source\WkfDockWidget.cpp">
      <Filter>Source Files</Filter>
    </ClCompile>
    <ClCompile Include="C:\Users\chakanson\Documents\TTCP-2.7.1\AFSIM_TTCP_2.7.1-Dev\tools\wkf\core\source\WkfDocumentationDialog.cpp">
      <Filter>Source Files</Filter>
    </ClCompile>
    <ClCompile Include="C:\Users\chakanson\Documents\TTCP-2.7.1\AFSIM_TTCP_2.7.1-Dev\tools\wkf\core\source\WkfDraggableTreeWidget.cpp">
      <Filter>Source Files</Filter>
    </ClCompile>
    <ClCompile Include="C:\Users\chakanson\Documents\TTCP-2.7.1\AFSIM_TTCP_2.7.1-Dev\tools\wkf\core\source\WkfEntity.cpp">
      <Filter>Source Files</Filter>
    </ClCompile>
    <ClCompile Include="C:\Users\chakanson\Documents\TTCP-2.7.1\AFSIM_TTCP_2.7.1-Dev\tools\wkf\core\source\WkfEnvironment.cpp">
      <Filter>Source Files</Filter>
    </ClCompile>
    <ClCompile Include="C:\Users\chakanson\Documents\TTCP-2.7.1\AFSIM_TTCP_2.7.1-Dev\tools\wkf\core\source\WkfExceptionMessage.cpp">
      <Filter>Source Files</Filter>
    </ClCompile>
    <ClCompile Include="C:\Users\chakanson\Documents\TTCP-2.7.1\AFSIM_TTCP_2.7.1-Dev\tools\wkf\core\source\WkfFactory.cpp">
      <Filter>Source Files</Filter>
    </ClCompile>
    <ClCompile Include="C:\Users\chakanson\Documents\TTCP-2.7.1\AFSIM_TTCP_2.7.1-Dev\tools\wkf\core\source\WkfGeneralPrefObject.cpp">
      <Filter>Source Files</Filter>
    </ClCompile>
    <ClCompile Include="C:\Users\chakanson\Documents\TTCP-2.7.1\AFSIM_TTCP_2.7.1-Dev\tools\wkf\core\source\WkfGeneralPrefWidget.cpp">
      <Filter>Source Files</Filter>
    </ClCompile>
    <ClCompile Include="C:\Users\chakanson\Documents\TTCP-2.7.1\AFSIM_TTCP_2.7.1-Dev\tools\wkf\core\source\WkfKeyBindingsObject.cpp">
      <Filter>Source Files</Filter>
    </ClCompile>
    <ClCompile Include="C:\Users\chakanson\Documents\TTCP-2.7.1\AFSIM_TTCP_2.7.1-Dev\tools\wkf\core\source\WkfKeyBindingsWidget.cpp">
      <Filter>Source Files</Filter>
    </ClCompile>
    <ClCompile Include="C:\Users\chakanson\Documents\TTCP-2.7.1\AFSIM_TTCP_2.7.1-Dev\tools\wkf\core\source\WkfMainWindow.cpp">
      <Filter>Source Files</Filter>
    </ClCompile>
    <ClCompile Include="C:\Users\chakanson\Documents\TTCP-2.7.1\AFSIM_TTCP_2.7.1-Dev\tools\wkf\core\source\WkfMapLayerDockWidget.cpp">
      <Filter>Source Files</Filter>
    </ClCompile>
    <ClCompile Include="C:\Users\chakanson\Documents\TTCP-2.7.1\AFSIM_TTCP_2.7.1-Dev\tools\wkf\core\source\WkfMilStd2525d.cpp">
      <Filter>Source Files</Filter>
    </ClCompile>
    <ClCompile Include="C:\Users\chakanson\Documents\TTCP-2.7.1\AFSIM_TTCP_2.7.1-Dev\tools\wkf\core\source\WkfMilStdIconPrefObject.cpp">
      <Filter>Source Files</Filter>
    </ClCompile>
    <ClCompile Include="C:\Users\chakanson\Documents\TTCP-2.7.1\AFSIM_TTCP_2.7.1-Dev\tools\wkf\core\source\WkfMilStdIconPrefWidget.cpp">
      <Filter>Source Files</Filter>
    </ClCompile>
    <ClCompile Include="C:\Users\chakanson\Documents\TTCP-2.7.1\AFSIM_TTCP_2.7.1-Dev\tools\wkf\core\source\WkfObserver.cpp">
      <Filter>Source Files</Filter>
    </ClCompile>
    <ClCompile Include="C:\Users\chakanson\Documents\TTCP-2.7.1\AFSIM_TTCP_2.7.1-Dev\tools\wkf\core\source\WkfOptionHistoryManager.cpp">
      <Filter>Source Files</Filter>
    </ClCompile>
    <ClCompile Include="C:\Users\chakanson\Documents\TTCP-2.7.1\AFSIM_TTCP_2.7.1-Dev\tools\wkf\core\source\WkfOverlaySpace.cpp">
      <Filter>Source Files</Filter>
    </ClCompile>
    <ClCompile Include="C:\Users\chakanson\Documents\TTCP-2.7.1\AFSIM_TTCP_2.7.1-Dev\tools\wkf\core\source\WkfOverlayUpdater.cpp">
      <Filter>Source Files</Filter>
    </ClCompile>
    <ClCompile Include="C:\Users\chakanson\Documents\TTCP-2.7.1\AFSIM_TTCP_2.7.1-Dev\tools\wkf\core\source\WkfOverlayUpdaterPrefObject.cpp">
      <Filter>Source Files</Filter>
    </ClCompile>
    <ClCompile Include="C:\Users\chakanson\Documents\TTCP-2.7.1\AFSIM_TTCP_2.7.1-Dev\tools\wkf\core\source\WkfOverlayUpdaterPrefWidget.cpp">
      <Filter>Source Files</Filter>
    </ClCompile>
    <ClCompile Include="C:\Users\chakanson\Documents\TTCP-2.7.1\AFSIM_TTCP_2.7.1-Dev\tools\wkf\core\source\WkfPlatform.cpp">
      <Filter>Source Files</Filter>
    </ClCompile>
    <ClCompile Include="C:\Users\chakanson\Documents\TTCP-2.7.1\AFSIM_TTCP_2.7.1-Dev\tools\wkf\core\source\WkfPlatformContextDockWidget.cpp">
      <Filter>Source Files</Filter>
    </ClCompile>
    <ClCompile Include="C:\Users\chakanson\Documents\TTCP-2.7.1\AFSIM_TTCP_2.7.1-Dev\tools\wkf\core\source\WkfPlatformDataDockWidget.cpp">
      <Filter>Source Files</Filter>
    </ClCompile>
    <ClCompile Include="C:\Users\chakanson\Documents\TTCP-2.7.1\AFSIM_TTCP_2.7.1-Dev\tools\wkf\core\source\WkfPlatformDataPrefObject.cpp">
      <Filter>Source Files</Filter>
    </ClCompile>
    <ClCompile Include="C:\Users\chakanson\Documents\TTCP-2.7.1\AFSIM_TTCP_2.7.1-Dev\tools\wkf\core\source\WkfPlatformDataTreeItem.cpp">
      <Filter>Source Files</Filter>
    </ClCompile>
    <ClCompile Include="C:\Users\chakanson\Documents\TTCP-2.7.1\AFSIM_TTCP_2.7.1-Dev\tools\wkf\core\source\WkfPlatformOptionsDockWidget.cpp">
      <Filter>Source Files</Filter>
    </ClCompile>
    <ClCompile Include="C:\Users\chakanson\Documents\TTCP-2.7.1\AFSIM_TTCP_2.7.1-Dev\tools\wkf\core\source\WkfPlotDockWidget.cpp">
      <Filter>Source Files</Filter>
    </ClCompile>
    <ClCompile Include="C:\Users\chakanson\Documents\TTCP-2.7.1\AFSIM_TTCP_2.7.1-Dev\tools\wkf\core\source\WkfPlotWidget.cpp">
      <Filter>Source Files</Filter>
    </ClCompile>
    <ClCompile Include="C:\Users\chakanson\Documents\TTCP-2.7.1\AFSIM_TTCP_2.7.1-Dev\tools\wkf\core\source\WkfPlugin.cpp">
      <Filter>Source Files</Filter>
    </ClCompile>
    <ClCompile Include="C:\Users\chakanson\Documents\TTCP-2.7.1\AFSIM_TTCP_2.7.1-Dev\tools\wkf\core\source\WkfPluginManager.cpp">
      <Filter>Source Files</Filter>
    </ClCompile>
    <ClCompile Include="C:\Users\chakanson\Documents\TTCP-2.7.1\AFSIM_TTCP_2.7.1-Dev\tools\wkf\core\source\WkfPluginManagerDialog.cpp">
      <Filter>Source Files</Filter>
    </ClCompile>
    <ClCompile Include="C:\Users\chakanson\Documents\TTCP-2.7.1\AFSIM_TTCP_2.7.1-Dev\tools\wkf\core\source\WkfPointOfInterest.cpp">
      <Filter>Source Files</Filter>
    </ClCompile>
    <ClCompile Include="C:\Users\chakanson\Documents\TTCP-2.7.1\AFSIM_TTCP_2.7.1-Dev\tools\wkf\core\source\WkfPrefObject.cpp">
      <Filter>Source Files</Filter>
    </ClCompile>
    <ClCompile Include="C:\Users\chakanson\Documents\TTCP-2.7.1\AFSIM_TTCP_2.7.1-Dev\tools\wkf\core\source\WkfPreferencesDialog.cpp">
      <Filter>Source Files</Filter>
    </ClCompile>
    <ClCompile Include="C:\Users\chakanson\Documents\TTCP-2.7.1\AFSIM_TTCP_2.7.1-Dev\tools\wkf\core\source\WkfProxyStyle.cpp">
      <Filter>Source Files</Filter>
    </ClCompile>
    <ClCompile Include="C:\Users\chakanson\Documents\TTCP-2.7.1\AFSIM_TTCP_2.7.1-Dev\tools\wkf\core\source\WkfQueueableMessageObject.cpp">
      <Filter>Source Files</Filter>
    </ClCompile>
    <ClCompile Include="C:\Users\chakanson\Documents\TTCP-2.7.1\AFSIM_TTCP_2.7.1-Dev\tools\wkf\core\source\WkfResourceManager.cpp">
      <Filter>Source Files</Filter>
    </ClCompile>
    <ClCompile Include="C:\Users\chakanson\Documents\TTCP-2.7.1\AFSIM_TTCP_2.7.1-Dev\tools\wkf\core\source\WkfScenario.cpp">
      <Filter>Source Files</Filter>
    </ClCompile>
    <ClCompile Include="C:\Users\chakanson\Documents\TTCP-2.7.1\AFSIM_TTCP_2.7.1-Dev\tools\wkf\core\source\WkfScrumWidgets.cpp">
      <Filter>Source Files</Filter>
    </ClCompile>
    <ClCompile Include="C:\Users\chakanson\Documents\TTCP-2.7.1\AFSIM_TTCP_2.7.1-Dev\tools\wkf\core\source\WkfSelectorWidgets.cpp">
      <Filter>Source Files</Filter>
    </ClCompile>
    <ClCompile Include="C:\Users\chakanson\Documents\TTCP-2.7.1\AFSIM_TTCP_2.7.1-Dev\tools\wkf\core\source\WkfSharedMapPreferencesObject.cpp">
      <Filter>Source Files</Filter>
    </ClCompile>
    <ClCompile Include="C:\Users\chakanson\Documents\TTCP-2.7.1\AFSIM_TTCP_2.7.1-Dev\tools\wkf\core\source\WkfSharedMapPreferencesWidget.cpp">
      <Filter>Source Files</Filter>
    </ClCompile>
    <ClCompile Include="C:\Users\chakanson\Documents\TTCP-2.7.1\AFSIM_TTCP_2.7.1-Dev\tools\wkf\core\source\WkfSimpleOptionHistoryManager.cpp">
      <Filter>Source Files</Filter>
    </ClCompile>
    <ClCompile Include="C:\Users\chakanson\Documents\TTCP-2.7.1\AFSIM_TTCP_2.7.1-Dev\tools\wkf\core\source\WkfStandardActionsObject.cpp">
      <Filter>Source Files</Filter>
    </ClCompile>
    <ClCompile Include="C:\Users\chakanson\Documents\TTCP-2.7.1\AFSIM_TTCP_2.7.1-Dev\tools\wkf\core\source\WkfStartupDialog.cpp">
      <Filter>Source Files</Filter>
    </ClCompile>
    <ClCompile Include="C:\Users\chakanson\Documents\TTCP-2.7.1\AFSIM_TTCP_2.7.1-Dev\tools\wkf\core\source\WkfTeamVisibilityPrefObject.cpp">
      <Filter>Source Files</Filter>
    </ClCompile>
    <ClCompile Include="C:\Users\chakanson\Documents\TTCP-2.7.1\AFSIM_TTCP_2.7.1-Dev\tools\wkf\core\source\WkfTeamVisibilityPrefWidget.cpp">
      <Filter>Source Files</Filter>
    </ClCompile>
    <ClCompile Include="C:\Users\chakanson\Documents\TTCP-2.7.1\AFSIM_TTCP_2.7.1-Dev\tools\wkf\core\source\WkfTeamVisibilityWidget.cpp">
      <Filter>Source Files</Filter>
    </ClCompile>
    <ClCompile Include="C:\Users\chakanson\Documents\TTCP-2.7.1\AFSIM_TTCP_2.7.1-Dev\tools\wkf\core\source\WkfTipContainer.cpp">
      <Filter>Source Files</Filter>
    </ClCompile>
    <ClCompile Include="C:\Users\chakanson\Documents\TTCP-2.7.1\AFSIM_TTCP_2.7.1-Dev\tools\wkf\core\source\WkfTopLevelDropTreeWidget.cpp">
      <Filter>Source Files</Filter>
    </ClCompile>
    <ClCompile Include="C:\Users\chakanson\Documents\TTCP-2.7.1\AFSIM_TTCP_2.7.1-Dev\tools\wkf\core\source\WkfTrack.cpp">
      <Filter>Source Files</Filter>
    </ClCompile>
    <ClCompile Include="C:\Users\chakanson\Documents\TTCP-2.7.1\AFSIM_TTCP_2.7.1-Dev\tools\wkf\core\source\WkfUnitTypes.cpp">
      <Filter>Source Files</Filter>
    </ClCompile>
    <ClCompile Include="C:\Users\chakanson\Documents\TTCP-2.7.1\AFSIM_TTCP_2.7.1-Dev\tools\wkf\core\source\WkfUnitsObject.cpp">
      <Filter>Source Files</Filter>
    </ClCompile>
    <ClCompile Include="C:\Users\chakanson\Documents\TTCP-2.7.1\AFSIM_TTCP_2.7.1-Dev\tools\wkf\core\source\WkfUnitsWidget.cpp">
      <Filter>Source Files</Filter>
    </ClCompile>
    <ClCompile Include="C:\Users\chakanson\Documents\TTCP-2.7.1\AFSIM_TTCP_2.7.1-Dev\tools\wkf\core\source\WkfUpdater.cpp">
      <Filter>Source Files</Filter>
    </ClCompile>
    <ClCompile Include="C:\Users\chakanson\Documents\TTCP-2.7.1\AFSIM_TTCP_2.7.1-Dev\tools\wkf\core\source\WkfUtils.cpp">
      <Filter>Source Files</Filter>
    </ClCompile>
    <ClCompile Include="C:\Users\chakanson\Documents\TTCP-2.7.1\AFSIM_TTCP_2.7.1-Dev\tools\wkf\core\source\WkfViewer.cpp">
      <Filter>Source Files</Filter>
    </ClCompile>
    <ClCompile Include="C:\Users\chakanson\Documents\TTCP-2.7.1\AFSIM_TTCP_2.7.1-Dev\tools\wkf\core\source\WkfVtkEnvironment.cpp">
      <Filter>Source Files</Filter>
    </ClCompile>
    <ClCompile Include="C:\Users\chakanson\Documents\TTCP-2.7.1\TT_build_weapon\build_mystic\wkf\wkf_autogen\B2XZZMP2QN\qrc_icons.cpp">
      <Filter>qt_autogen\rcc</Filter>
    </ClCompile>
    <ClCompile Include="C:\Users\chakanson\Documents\TTCP-2.7.1\TT_build_weapon\build_mystic\wkf\wkf_autogen\B2XZZMP2QN\qrc_interactions.cpp">
      <Filter>qt_autogen\rcc</Filter>
    </ClCompile>
    <ClCompile Include="C:\Users\chakanson\Documents\TTCP-2.7.1\TT_build_weapon\build_mystic\wkf\wkf_autogen\mocs_compilation_Release.cpp">
      <Filter>qt_autogen\moc</Filter>
    </ClCompile>
    <ClCompile Include="C:\Users\chakanson\Documents\TTCP-2.7.1\TT_build_weapon\build_mystic\wkf\wkf_autogen\mocs_compilation_MinSizeRel.cpp">
      <Filter>qt_autogen\moc</Filter>
    </ClCompile>
    <ClCompile Include="C:\Users\chakanson\Documents\TTCP-2.7.1\TT_build_weapon\build_mystic\wkf\wkf_autogen\mocs_compilation_RelWithDebInfo.cpp">
      <Filter>qt_autogen\moc</Filter>
    </ClCompile>
  </ItemGroup>
  <ItemGroup>
    <ClInclude Include="C:\Users\chakanson\Documents\TTCP-2.7.1\AFSIM_TTCP_2.7.1-Dev\tools\wkf\core\source\WkfAboutDialog.hpp">
      <Filter>Header Files</Filter>
    </ClInclude>
    <ClInclude Include="C:\Users\chakanson\Documents\TTCP-2.7.1\AFSIM_TTCP_2.7.1-Dev\tools\wkf\core\source\WkfAbstractTableModel.hpp">
      <Filter>Header Files</Filter>
    </ClInclude>
    <ClInclude Include="C:\Users\chakanson\Documents\TTCP-2.7.1\AFSIM_TTCP_2.7.1-Dev\tools\wkf\core\source\WkfAction.hpp">
      <Filter>Header Files</Filter>
    </ClInclude>
    <ClInclude Include="C:\Users\chakanson\Documents\TTCP-2.7.1\AFSIM_TTCP_2.7.1-Dev\tools\wkf\core\source\WkfAngleViewUpdater.hpp">
      <Filter>Header Files</Filter>
    </ClInclude>
    <ClInclude Include="C:\Users\chakanson\Documents\TTCP-2.7.1\AFSIM_TTCP_2.7.1-Dev\tools\wkf\core\source\WkfAttachmentModel.hpp">
      <Filter>Header Files</Filter>
    </ClInclude>
    <ClInclude Include="C:\Users\chakanson\Documents\TTCP-2.7.1\AFSIM_TTCP_2.7.1-Dev\tools\wkf\core\source\WkfAttachmentRubberband.hpp">
      <Filter>Header Files</Filter>
    </ClInclude>
    <ClInclude Include="C:\Users\chakanson\Documents\TTCP-2.7.1\AFSIM_TTCP_2.7.1-Dev\tools\wkf\core\source\WkfBullseye.hpp">
      <Filter>Header Files</Filter>
    </ClInclude>
    <ClInclude Include="C:\Users\chakanson\Documents\TTCP-2.7.1\AFSIM_TTCP_2.7.1-Dev\tools\wkf\core\source\WkfComboBoxTreeWidgetItem.hpp">
      <Filter>Header Files</Filter>
    </ClInclude>
    <ClInclude Include="C:\Users\chakanson\Documents\TTCP-2.7.1\AFSIM_TTCP_2.7.1-Dev\tools\wkf\core\source\WkfConfigurationObject.hpp">
      <Filter>Header Files</Filter>
    </ClInclude>
    <ClInclude Include="C:\Users\chakanson\Documents\TTCP-2.7.1\AFSIM_TTCP_2.7.1-Dev\tools\wkf\core\source\WkfDebugPrefObject.hpp">
      <Filter>Header Files</Filter>
    </ClInclude>
    <ClInclude Include="C:\Users\chakanson\Documents\TTCP-2.7.1\AFSIM_TTCP_2.7.1-Dev\tools\wkf\core\source\WkfDebugPrefWidget.hpp">
      <Filter>Header Files</Filter>
    </ClInclude>
    <ClInclude Include="C:\Users\chakanson\Documents\TTCP-2.7.1\AFSIM_TTCP_2.7.1-Dev\tools\wkf\core\source\WkfDefines.hpp">
      <Filter>Header Files</Filter>
    </ClInclude>
    <ClInclude Include="C:\Users\chakanson\Documents\TTCP-2.7.1\AFSIM_TTCP_2.7.1-Dev\tools\wkf\core\source\WkfDialog.hpp">
      <Filter>Header Files</Filter>
    </ClInclude>
    <ClInclude Include="C:\Users\chakanson\Documents\TTCP-2.7.1\AFSIM_TTCP_2.7.1-Dev\tools\wkf\core\source\WkfDockWidget.hpp">
      <Filter>Header Files</Filter>
    </ClInclude>
    <ClInclude Include="C:\Users\chakanson\Documents\TTCP-2.7.1\AFSIM_TTCP_2.7.1-Dev\tools\wkf\core\source\WkfDocumentationDialog.hpp">
      <Filter>Header Files</Filter>
    </ClInclude>
    <ClInclude Include="C:\Users\chakanson\Documents\TTCP-2.7.1\AFSIM_TTCP_2.7.1-Dev\tools\wkf\core\source\WkfDraggableTreeWidget.hpp">
      <Filter>Header Files</Filter>
    </ClInclude>
    <ClInclude Include="C:\Users\chakanson\Documents\TTCP-2.7.1\AFSIM_TTCP_2.7.1-Dev\tools\wkf\core\source\WkfEntity.hpp">
      <Filter>Header Files</Filter>
    </ClInclude>
    <ClInclude Include="C:\Users\chakanson\Documents\TTCP-2.7.1\AFSIM_TTCP_2.7.1-Dev\tools\wkf\core\source\WkfEnvironment.hpp">
      <Filter>Header Files</Filter>
    </ClInclude>
    <ClInclude Include="C:\Users\chakanson\Documents\TTCP-2.7.1\AFSIM_TTCP_2.7.1-Dev\tools\wkf\core\source\WkfExceptionMessage.hpp">
      <Filter>Header Files</Filter>
    </ClInclude>
    <ClInclude Include="C:\Users\chakanson\Documents\TTCP-2.7.1\AFSIM_TTCP_2.7.1-Dev\tools\wkf\core\source\WkfFactory.hpp">
      <Filter>Header Files</Filter>
    </ClInclude>
    <ClInclude Include="C:\Users\chakanson\Documents\TTCP-2.7.1\AFSIM_TTCP_2.7.1-Dev\tools\wkf\core\source\WkfGeneralPrefObject.hpp">
      <Filter>Header Files</Filter>
    </ClInclude>
    <ClInclude Include="C:\Users\chakanson\Documents\TTCP-2.7.1\AFSIM_TTCP_2.7.1-Dev\tools\wkf\core\source\WkfGeneralPrefWidget.hpp">
      <Filter>Header Files</Filter>
    </ClInclude>
    <ClInclude Include="C:\Users\chakanson\Documents\TTCP-2.7.1\AFSIM_TTCP_2.7.1-Dev\tools\wkf\core\source\WkfKeyBindingsObject.hpp">
      <Filter>Header Files</Filter>
    </ClInclude>
    <ClInclude Include="C:\Users\chakanson\Documents\TTCP-2.7.1\AFSIM_TTCP_2.7.1-Dev\tools\wkf\core\source\WkfKeyBindingsWidget.hpp">
      <Filter>Header Files</Filter>
    </ClInclude>
    <ClInclude Include="C:\Users\chakanson\Documents\TTCP-2.7.1\AFSIM_TTCP_2.7.1-Dev\tools\wkf\core\source\WkfMainWindow.hpp">
      <Filter>Header Files</Filter>
    </ClInclude>
    <ClInclude Include="C:\Users\chakanson\Documents\TTCP-2.7.1\AFSIM_TTCP_2.7.1-Dev\tools\wkf\core\source\WkfMapLayerDockWidget.hpp">
      <Filter>Header Files</Filter>
    </ClInclude>
    <ClInclude Include="C:\Users\chakanson\Documents\TTCP-2.7.1\AFSIM_TTCP_2.7.1-Dev\tools\wkf\core\source\WkfMilStd2525d.hpp">
      <Filter>Header Files</Filter>
    </ClInclude>
    <ClInclude Include="C:\Users\chakanson\Documents\TTCP-2.7.1\AFSIM_TTCP_2.7.1-Dev\tools\wkf\core\source\WkfMilStdIconPrefObject.hpp">
      <Filter>Header Files</Filter>
    </ClInclude>
    <ClInclude Include="C:\Users\chakanson\Documents\TTCP-2.7.1\AFSIM_TTCP_2.7.1-Dev\tools\wkf\core\source\WkfMilStdIconPrefWidget.hpp">
      <Filter>Header Files</Filter>
    </ClInclude>
    <ClInclude Include="C:\Users\chakanson\Documents\TTCP-2.7.1\AFSIM_TTCP_2.7.1-Dev\tools\wkf\core\source\WkfObserver.hpp">
      <Filter>Header Files</Filter>
    </ClInclude>
    <ClInclude Include="C:\Users\chakanson\Documents\TTCP-2.7.1\AFSIM_TTCP_2.7.1-Dev\tools\wkf\core\source\WkfOptionHistoryManager.hpp">
      <Filter>Header Files</Filter>
    </ClInclude>
    <ClInclude Include="C:\Users\chakanson\Documents\TTCP-2.7.1\AFSIM_TTCP_2.7.1-Dev\tools\wkf\core\source\WkfOverlaySpace.hpp">
      <Filter>Header Files</Filter>
    </ClInclude>
    <ClInclude Include="C:\Users\chakanson\Documents\TTCP-2.7.1\AFSIM_TTCP_2.7.1-Dev\tools\wkf\core\source\WkfOverlayUpdater.hpp">
      <Filter>Header Files</Filter>
    </ClInclude>
    <ClInclude Include="C:\Users\chakanson\Documents\TTCP-2.7.1\AFSIM_TTCP_2.7.1-Dev\tools\wkf\core\source\WkfOverlayUpdaterPrefObject.hpp">
      <Filter>Header Files</Filter>
    </ClInclude>
    <ClInclude Include="C:\Users\chakanson\Documents\TTCP-2.7.1\AFSIM_TTCP_2.7.1-Dev\tools\wkf\core\source\WkfOverlayUpdaterPrefWidget.hpp">
      <Filter>Header Files</Filter>
    </ClInclude>
    <ClInclude Include="C:\Users\chakanson\Documents\TTCP-2.7.1\AFSIM_TTCP_2.7.1-Dev\tools\wkf\core\source\WkfPlatform.hpp">
      <Filter>Header Files</Filter>
    </ClInclude>
    <ClInclude Include="C:\Users\chakanson\Documents\TTCP-2.7.1\AFSIM_TTCP_2.7.1-Dev\tools\wkf\core\source\WkfPlatformContextDockWidget.hpp">
      <Filter>Header Files</Filter>
    </ClInclude>
    <ClInclude Include="C:\Users\chakanson\Documents\TTCP-2.7.1\AFSIM_TTCP_2.7.1-Dev\tools\wkf\core\source\WkfPlatformDataDockWidget.hpp">
      <Filter>Header Files</Filter>
    </ClInclude>
    <ClInclude Include="C:\Users\chakanson\Documents\TTCP-2.7.1\AFSIM_TTCP_2.7.1-Dev\tools\wkf\core\source\WkfPlatformDataPrefObject.hpp">
      <Filter>Header Files</Filter>
    </ClInclude>
    <ClInclude Include="C:\Users\chakanson\Documents\TTCP-2.7.1\AFSIM_TTCP_2.7.1-Dev\tools\wkf\core\source\WkfPlatformDataTreeItem.hpp">
      <Filter>Header Files</Filter>
    </ClInclude>
    <ClInclude Include="C:\Users\chakanson\Documents\TTCP-2.7.1\AFSIM_TTCP_2.7.1-Dev\tools\wkf\core\source\WkfPlatformGrouping.hpp">
      <Filter>Header Files</Filter>
    </ClInclude>
    <ClInclude Include="C:\Users\chakanson\Documents\TTCP-2.7.1\AFSIM_TTCP_2.7.1-Dev\tools\wkf\core\source\WkfPlatformOptionsDockWidget.hpp">
      <Filter>Header Files</Filter>
    </ClInclude>
    <ClInclude Include="C:\Users\chakanson\Documents\TTCP-2.7.1\AFSIM_TTCP_2.7.1-Dev\tools\wkf\core\source\WkfPlotDockWidget.hpp">
      <Filter>Header Files</Filter>
    </ClInclude>
    <ClInclude Include="C:\Users\chakanson\Documents\TTCP-2.7.1\AFSIM_TTCP_2.7.1-Dev\tools\wkf\core\source\WkfPlotWidget.hpp">
      <Filter>Header Files</Filter>
    </ClInclude>
    <ClInclude Include="C:\Users\chakanson\Documents\TTCP-2.7.1\AFSIM_TTCP_2.7.1-Dev\tools\wkf\core\source\WkfPlugin.hpp">
      <Filter>Header Files</Filter>
    </ClInclude>
    <ClInclude Include="C:\Users\chakanson\Documents\TTCP-2.7.1\AFSIM_TTCP_2.7.1-Dev\tools\wkf\core\source\WkfPluginManager.hpp">
      <Filter>Header Files</Filter>
    </ClInclude>
    <ClInclude Include="C:\Users\chakanson\Documents\TTCP-2.7.1\AFSIM_TTCP_2.7.1-Dev\tools\wkf\core\source\WkfPluginManagerDialog.hpp">
      <Filter>Header Files</Filter>
    </ClInclude>
    <ClInclude Include="C:\Users\chakanson\Documents\TTCP-2.7.1\AFSIM_TTCP_2.7.1-Dev\tools\wkf\core\source\WkfPointOfInterest.hpp">
      <Filter>Header Files</Filter>
    </ClInclude>
    <ClInclude Include="C:\Users\chakanson\Documents\TTCP-2.7.1\AFSIM_TTCP_2.7.1-Dev\tools\wkf\core\source\WkfPrefObject.hpp">
      <Filter>Header Files</Filter>
    </ClInclude>
    <ClInclude Include="C:\Users\chakanson\Documents\TTCP-2.7.1\AFSIM_TTCP_2.7.1-Dev\tools\wkf\core\source\WkfPrefWidget.hpp">
      <Filter>Header Files</Filter>
    </ClInclude>
    <ClInclude Include="C:\Users\chakanson\Documents\TTCP-2.7.1\AFSIM_TTCP_2.7.1-Dev\tools\wkf\core\source\WkfPreferencesDialog.hpp">
      <Filter>Header Files</Filter>
    </ClInclude>
    <ClInclude Include="C:\Users\chakanson\Documents\TTCP-2.7.1\AFSIM_TTCP_2.7.1-Dev\tools\wkf\core\source\WkfProxyStyle.hpp">
      <Filter>Header Files</Filter>
    </ClInclude>
    <ClInclude Include="C:\Users\chakanson\Documents\TTCP-2.7.1\AFSIM_TTCP_2.7.1-Dev\tools\wkf\core\source\WkfQueueableMessageObject.hpp">
      <Filter>Header Files</Filter>
    </ClInclude>
    <ClInclude Include="C:\Users\chakanson\Documents\TTCP-2.7.1\AFSIM_TTCP_2.7.1-Dev\tools\wkf\core\source\WkfResourceManager.hpp">
      <Filter>Header Files</Filter>
    </ClInclude>
    <ClInclude Include="C:\Users\chakanson\Documents\TTCP-2.7.1\AFSIM_TTCP_2.7.1-Dev\tools\wkf\core\source\WkfScenario.hpp">
      <Filter>Header Files</Filter>
    </ClInclude>
    <ClInclude Include="C:\Users\chakanson\Documents\TTCP-2.7.1\AFSIM_TTCP_2.7.1-Dev\tools\wkf\core\source\WkfScrumWidgets.hpp">
      <Filter>Header Files</Filter>
    </ClInclude>
    <ClInclude Include="C:\Users\chakanson\Documents\TTCP-2.7.1\AFSIM_TTCP_2.7.1-Dev\tools\wkf\core\source\WkfSelectorWidgets.hpp">
      <Filter>Header Files</Filter>
    </ClInclude>
    <ClInclude Include="C:\Users\chakanson\Documents\TTCP-2.7.1\AFSIM_TTCP_2.7.1-Dev\tools\wkf\core\source\WkfSharedMapPreferencesObject.hpp">
      <Filter>Header Files</Filter>
    </ClInclude>
    <ClInclude Include="C:\Users\chakanson\Documents\TTCP-2.7.1\AFSIM_TTCP_2.7.1-Dev\tools\wkf\core\source\WkfSharedMapPreferencesWidget.hpp">
      <Filter>Header Files</Filter>
    </ClInclude>
    <ClInclude Include="C:\Users\chakanson\Documents\TTCP-2.7.1\AFSIM_TTCP_2.7.1-Dev\tools\wkf\core\source\WkfSimpleOptionHistoryManager.hpp">
      <Filter>Header Files</Filter>
    </ClInclude>
    <ClInclude Include="C:\Users\chakanson\Documents\TTCP-2.7.1\AFSIM_TTCP_2.7.1-Dev\tools\wkf\core\source\WkfStandardActionsObject.hpp">
      <Filter>Header Files</Filter>
    </ClInclude>
    <ClInclude Include="C:\Users\chakanson\Documents\TTCP-2.7.1\AFSIM_TTCP_2.7.1-Dev\tools\wkf\core\source\WkfStartupDialog.hpp">
      <Filter>Header Files</Filter>
    </ClInclude>
    <ClInclude Include="C:\Users\chakanson\Documents\TTCP-2.7.1\AFSIM_TTCP_2.7.1-Dev\tools\wkf\core\source\WkfStartupWidgetWrapper.hpp">
      <Filter>Header Files</Filter>
    </ClInclude>
    <ClInclude Include="C:\Users\chakanson\Documents\TTCP-2.7.1\AFSIM_TTCP_2.7.1-Dev\tools\wkf\core\source\WkfStdOutRedirector.hpp">
      <Filter>Header Files</Filter>
    </ClInclude>
    <ClInclude Include="C:\Users\chakanson\Documents\TTCP-2.7.1\AFSIM_TTCP_2.7.1-Dev\tools\wkf\core\source\WkfTeamVisibilityPrefObject.hpp">
      <Filter>Header Files</Filter>
    </ClInclude>
    <ClInclude Include="C:\Users\chakanson\Documents\TTCP-2.7.1\AFSIM_TTCP_2.7.1-Dev\tools\wkf\core\source\WkfTeamVisibilityPrefWidget.hpp">
      <Filter>Header Files</Filter>
    </ClInclude>
    <ClInclude Include="C:\Users\chakanson\Documents\TTCP-2.7.1\AFSIM_TTCP_2.7.1-Dev\tools\wkf\core\source\WkfTeamVisibilityWidget.hpp">
      <Filter>Header Files</Filter>
    </ClInclude>
    <ClInclude Include="C:\Users\chakanson\Documents\TTCP-2.7.1\AFSIM_TTCP_2.7.1-Dev\tools\wkf\core\source\WkfTip.hpp">
      <Filter>Header Files</Filter>
    </ClInclude>
    <ClInclude Include="C:\Users\chakanson\Documents\TTCP-2.7.1\AFSIM_TTCP_2.7.1-Dev\tools\wkf\core\source\WkfTipContainer.hpp">
      <Filter>Header Files</Filter>
    </ClInclude>
    <ClInclude Include="C:\Users\chakanson\Documents\TTCP-2.7.1\AFSIM_TTCP_2.7.1-Dev\tools\wkf\core\source\WkfTopLevelDropTreeWidget.hpp">
      <Filter>Header Files</Filter>
    </ClInclude>
    <ClInclude Include="C:\Users\chakanson\Documents\TTCP-2.7.1\AFSIM_TTCP_2.7.1-Dev\tools\wkf\core\source\WkfTrack.hpp">
      <Filter>Header Files</Filter>
    </ClInclude>
    <ClInclude Include="C:\Users\chakanson\Documents\TTCP-2.7.1\AFSIM_TTCP_2.7.1-Dev\tools\wkf\core\source\WkfUnitComboBox.hpp">
      <Filter>Header Files</Filter>
    </ClInclude>
    <ClInclude Include="C:\Users\chakanson\Documents\TTCP-2.7.1\AFSIM_TTCP_2.7.1-Dev\tools\wkf\core\source\WkfUnitTypes.hpp">
      <Filter>Header Files</Filter>
    </ClInclude>
    <ClInclude Include="C:\Users\chakanson\Documents\TTCP-2.7.1\AFSIM_TTCP_2.7.1-Dev\tools\wkf\core\source\WkfUnitUpdaters.hpp">
      <Filter>Header Files</Filter>
    </ClInclude>
    <ClInclude Include="C:\Users\chakanson\Documents\TTCP-2.7.1\AFSIM_TTCP_2.7.1-Dev\tools\wkf\core\source\WkfUnitsObject.hpp">
      <Filter>Header Files</Filter>
    </ClInclude>
    <ClInclude Include="C:\Users\chakanson\Documents\TTCP-2.7.1\AFSIM_TTCP_2.7.1-Dev\tools\wkf\core\source\WkfUnitsWidget.hpp">
      <Filter>Header Files</Filter>
    </ClInclude>
    <ClInclude Include="C:\Users\chakanson\Documents\TTCP-2.7.1\AFSIM_TTCP_2.7.1-Dev\tools\wkf\core\source\WkfUpdater.hpp">
      <Filter>Header Files</Filter>
    </ClInclude>
    <ClInclude Include="C:\Users\chakanson\Documents\TTCP-2.7.1\AFSIM_TTCP_2.7.1-Dev\tools\wkf\core\source\WkfUtils.hpp">
      <Filter>Header Files</Filter>
    </ClInclude>
    <ClInclude Include="C:\Users\chakanson\Documents\TTCP-2.7.1\AFSIM_TTCP_2.7.1-Dev\tools\wkf\core\source\WkfViewer.hpp">
      <Filter>Header Files</Filter>
    </ClInclude>
    <ClInclude Include="C:\Users\chakanson\Documents\TTCP-2.7.1\AFSIM_TTCP_2.7.1-Dev\tools\wkf\core\source\WkfVtkEnvironment.hpp">
      <Filter>Header Files</Filter>
    </ClInclude>
    <ClInclude Include="C:\Users\chakanson\Documents\TTCP-2.7.1\TT_build_weapon\build_mystic\wkf\ui_WkfAboutDialog.h">
      <Filter>qt_autogen\uic</Filter>
    </ClInclude>
    <ClInclude Include="C:\Users\chakanson\Documents\TTCP-2.7.1\TT_build_weapon\build_mystic\wkf\ui_WkfDebugPrefWidget.h">
      <Filter>qt_autogen\uic</Filter>
    </ClInclude>
    <ClInclude Include="C:\Users\chakanson\Documents\TTCP-2.7.1\TT_build_weapon\build_mystic\wkf\ui_WkfDocumentationDialog.h">
      <Filter>qt_autogen\uic</Filter>
    </ClInclude>
    <ClInclude Include="C:\Users\chakanson\Documents\TTCP-2.7.1\TT_build_weapon\build_mystic\wkf\ui_WkfGeneralPrefWidget.h">
      <Filter>qt_autogen\uic</Filter>
    </ClInclude>
    <ClInclude Include="C:\Users\chakanson\Documents\TTCP-2.7.1\TT_build_weapon\build_mystic\wkf\ui_WkfKeyBindingsWidget.h">
      <Filter>qt_autogen\uic</Filter>
    </ClInclude>
    <ClInclude Include="C:\Users\chakanson\Documents\TTCP-2.7.1\TT_build_weapon\build_mystic\wkf\ui_WkfMainWindow.h">
      <Filter>qt_autogen\uic</Filter>
    </ClInclude>
    <ClInclude Include="C:\Users\chakanson\Documents\TTCP-2.7.1\TT_build_weapon\build_mystic\wkf\ui_WkfMapLayerDockWidget.h">
      <Filter>qt_autogen\uic</Filter>
    </ClInclude>
    <ClInclude Include="C:\Users\chakanson\Documents\TTCP-2.7.1\TT_build_weapon\build_mystic\wkf\ui_WkfMilStdIconPrefWidget.h">
      <Filter>qt_autogen\uic</Filter>
    </ClInclude>
    <ClInclude Include="C:\Users\chakanson\Documents\TTCP-2.7.1\TT_build_weapon\build_mystic\wkf\ui_WkfPlatformContextDockWidget.h">
      <Filter>qt_autogen\uic</Filter>
    </ClInclude>
    <ClInclude Include="C:\Users\chakanson\Documents\TTCP-2.7.1\TT_build_weapon\build_mystic\wkf\ui_WkfPlotDockWidget.h">
      <Filter>qt_autogen\uic</Filter>
    </ClInclude>
    <ClInclude Include="C:\Users\chakanson\Documents\TTCP-2.7.1\TT_build_weapon\build_mystic\wkf\ui_WkfPluginManagerDialog.h">
      <Filter>qt_autogen\uic</Filter>
    </ClInclude>
    <ClInclude Include="C:\Users\chakanson\Documents\TTCP-2.7.1\TT_build_weapon\build_mystic\wkf\ui_WkfPreferencesDialog.h">
      <Filter>qt_autogen\uic</Filter>
    </ClInclude>
    <ClInclude Include="C:\Users\chakanson\Documents\TTCP-2.7.1\TT_build_weapon\build_mystic\wkf\ui_WkfScrumLocationWidget.h">
      <Filter>qt_autogen\uic</Filter>
    </ClInclude>
    <ClInclude Include="C:\Users\chakanson\Documents\TTCP-2.7.1\TT_build_weapon\build_mystic\wkf\ui_WkfScrumPlatformStateWidget.h">
      <Filter>qt_autogen\uic</Filter>
    </ClInclude>
    <ClInclude Include="C:\Users\chakanson\Documents\TTCP-2.7.1\TT_build_weapon\build_mystic\wkf\ui_WkfScrumWeaponWidget.h">
      <Filter>qt_autogen\uic</Filter>
    </ClInclude>
    <ClInclude Include="C:\Users\chakanson\Documents\TTCP-2.7.1\TT_build_weapon\build_mystic\wkf\ui_WkfScrumWidget.h">
      <Filter>qt_autogen\uic</Filter>
    </ClInclude>
    <ClInclude Include="C:\Users\chakanson\Documents\TTCP-2.7.1\TT_build_weapon\build_mystic\wkf\ui_WkfStartupDialog.h">
      <Filter>qt_autogen\uic</Filter>
    </ClInclude>
    <ClInclude Include="C:\Users\chakanson\Documents\TTCP-2.7.1\TT_build_weapon\build_mystic\wkf\ui_WkfTeamVisibilityPrefWidget.h">
      <Filter>qt_autogen\uic</Filter>
    </ClInclude>
    <ClInclude Include="C:\Users\chakanson\Documents\TTCP-2.7.1\TT_build_weapon\build_mystic\wkf\ui_WkfTeamVisibilityWidget.h">
      <Filter>qt_autogen\uic</Filter>
    </ClInclude>
    <ClInclude Include="C:\Users\chakanson\Documents\TTCP-2.7.1\TT_build_weapon\build_mystic\wkf\ui_WkfTypeVisibilityPrefWidget.h">
      <Filter>qt_autogen\uic</Filter>
    </ClInclude>
    <ClInclude Include="C:\Users\chakanson\Documents\TTCP-2.7.1\TT_build_weapon\build_mystic\wkf\ui_WkfTypeVisibilityWidget.h">
      <Filter>qt_autogen\uic</Filter>
    </ClInclude>
    <ClInclude Include="C:\Users\chakanson\Documents\TTCP-2.7.1\TT_build_weapon\build_mystic\wkf\ui_WkfUnitsWidget.h">
      <Filter>qt_autogen\uic</Filter>
    </ClInclude>
  </ItemGroup>
  <ItemGroup>
    <CustomBuild Include="C:\Users\chakanson\Documents\TTCP-2.7.1\AFSIM_TTCP_2.7.1-Dev\tools\wkf\core\ui\WkfAboutDialog.ui">
      <Filter>ui</Filter>
    </CustomBuild>
    <CustomBuild Include="C:\Users\chakanson\Documents\TTCP-2.7.1\AFSIM_TTCP_2.7.1-Dev\tools\wkf\core\ui\WkfDebugPrefWidget.ui">
      <Filter>ui</Filter>
    </CustomBuild>
    <CustomBuild Include="C:\Users\chakanson\Documents\TTCP-2.7.1\AFSIM_TTCP_2.7.1-Dev\tools\wkf\core\ui\WkfDocumentationDialog.ui">
      <Filter>ui</Filter>
    </CustomBuild>
    <CustomBuild Include="C:\Users\chakanson\Documents\TTCP-2.7.1\AFSIM_TTCP_2.7.1-Dev\tools\wkf\core\ui\WkfGeneralPrefWidget.ui">
      <Filter>ui</Filter>
    </CustomBuild>
    <CustomBuild Include="C:\Users\chakanson\Documents\TTCP-2.7.1\AFSIM_TTCP_2.7.1-Dev\tools\wkf\core\ui\WkfKeyBindingsWidget.ui">
      <Filter>ui</Filter>
    </CustomBuild>
    <CustomBuild Include="C:\Users\chakanson\Documents\TTCP-2.7.1\AFSIM_TTCP_2.7.1-Dev\tools\wkf\core\ui\WkfMainWindow.ui">
      <Filter>ui</Filter>
    </CustomBuild>
    <CustomBuild Include="C:\Users\chakanson\Documents\TTCP-2.7.1\AFSIM_TTCP_2.7.1-Dev\tools\wkf\core\ui\WkfMapLayerDockWidget.ui">
      <Filter>ui</Filter>
    </CustomBuild>
    <CustomBuild Include="C:\Users\chakanson\Documents\TTCP-2.7.1\AFSIM_TTCP_2.7.1-Dev\tools\wkf\core\ui\WkfMilStdIconPrefWidget.ui">
      <Filter>ui</Filter>
    </CustomBuild>
    <CustomBuild Include="C:\Users\chakanson\Documents\TTCP-2.7.1\AFSIM_TTCP_2.7.1-Dev\tools\wkf\core\ui\WkfPlatformContextDockWidget.ui">
      <Filter>ui</Filter>
    </CustomBuild>
    <CustomBuild Include="C:\Users\chakanson\Documents\TTCP-2.7.1\AFSIM_TTCP_2.7.1-Dev\tools\wkf\core\ui\WkfPlotDockWidget.ui">
      <Filter>ui</Filter>
    </CustomBuild>
    <CustomBuild Include="C:\Users\chakanson\Documents\TTCP-2.7.1\AFSIM_TTCP_2.7.1-Dev\tools\wkf\core\ui\WkfPluginManagerDialog.ui">
      <Filter>ui</Filter>
    </CustomBuild>
    <CustomBuild Include="C:\Users\chakanson\Documents\TTCP-2.7.1\AFSIM_TTCP_2.7.1-Dev\tools\wkf\core\ui\WkfPreferencesDialog.ui">
      <Filter>ui</Filter>
    </CustomBuild>
    <CustomBuild Include="C:\Users\chakanson\Documents\TTCP-2.7.1\AFSIM_TTCP_2.7.1-Dev\tools\wkf\core\ui\WkfScrumLocationWidget.ui">
      <Filter>ui</Filter>
    </CustomBuild>
    <CustomBuild Include="C:\Users\chakanson\Documents\TTCP-2.7.1\AFSIM_TTCP_2.7.1-Dev\tools\wkf\core\ui\WkfScrumPlatformStateWidget.ui">
      <Filter>ui</Filter>
    </CustomBuild>
    <CustomBuild Include="C:\Users\chakanson\Documents\TTCP-2.7.1\AFSIM_TTCP_2.7.1-Dev\tools\wkf\core\ui\WkfScrumWeaponWidget.ui">
      <Filter>ui</Filter>
    </CustomBuild>
    <CustomBuild Include="C:\Users\chakanson\Documents\TTCP-2.7.1\AFSIM_TTCP_2.7.1-Dev\tools\wkf\core\ui\WkfScrumWidget.ui">
      <Filter>ui</Filter>
    </CustomBuild>
    <CustomBuild Include="C:\Users\chakanson\Documents\TTCP-2.7.1\AFSIM_TTCP_2.7.1-Dev\tools\wkf\core\ui\WkfStartupDialog.ui">
      <Filter>ui</Filter>
    </CustomBuild>
    <CustomBuild Include="C:\Users\chakanson\Documents\TTCP-2.7.1\AFSIM_TTCP_2.7.1-Dev\tools\wkf\core\ui\WkfTeamVisibilityPrefWidget.ui">
      <Filter>ui</Filter>
    </CustomBuild>
    <CustomBuild Include="C:\Users\chakanson\Documents\TTCP-2.7.1\AFSIM_TTCP_2.7.1-Dev\tools\wkf\core\ui\WkfTeamVisibilityWidget.ui">
      <Filter>ui</Filter>
    </CustomBuild>
    <CustomBuild Include="C:\Users\chakanson\Documents\TTCP-2.7.1\AFSIM_TTCP_2.7.1-Dev\tools\wkf\core\ui\WkfTypeVisibilityPrefWidget.ui">
      <Filter>ui</Filter>
    </CustomBuild>
    <CustomBuild Include="C:\Users\chakanson\Documents\TTCP-2.7.1\AFSIM_TTCP_2.7.1-Dev\tools\wkf\core\ui\WkfTypeVisibilityWidget.ui">
      <Filter>ui</Filter>
    </CustomBuild>
    <CustomBuild Include="C:\Users\chakanson\Documents\TTCP-2.7.1\AFSIM_TTCP_2.7.1-Dev\tools\wkf\core\ui\WkfUnitsWidget.ui">
      <Filter>ui</Filter>
    </CustomBuild>
    <CustomBuild Include="C:\Users\chakanson\Documents\TTCP-2.7.1\TT_build_weapon\CMakeFiles\1a830032d7b4db46bcbde3066f0ca08d\qrc_icons.cpp.rule">
      <Filter>CMake Rules</Filter>
    </CustomBuild>
    <CustomBuild Include="C:\Users\chakanson\Documents\TTCP-2.7.1\TT_build_weapon\CMakeFiles\1a830032d7b4db46bcbde3066f0ca08d\qrc_interactions.cpp.rule">
      <Filter>CMake Rules</Filter>
    </CustomBuild>
    <CustomBuild Include="C:\Users\chakanson\Documents\TTCP-2.7.1\AFSIM_TTCP_2.7.1-Dev\tools\wkf\core\source\CMakeLists.txt" />
  </ItemGroup>
  <ItemGroup>
    <None Include="C:\Users\chakanson\Documents\TTCP-2.7.1\AFSIM_TTCP_2.7.1-Dev\tools\wkf\core\ui\resources\icons.qrc">
      <Filter>ui</Filter>
    </None>
    <None Include="C:\Users\chakanson\Documents\TTCP-2.7.1\AFSIM_TTCP_2.7.1-Dev\tools\wkf\core\ui\resources\interactions.qrc">
      <Filter>ui</Filter>
    </None>
  </ItemGroup>
  <ItemGroup>
    <Filter Include="CMake Rules">
      <UniqueIdentifier>{E487B5E7-0BEA-354C-AA77-C88FC24E6042}</UniqueIdentifier>
    </Filter>
    <Filter Include="Header Files">
      <UniqueIdentifier>{A0E814E8-B54A-3CC2-9654-C4DB59E60833}</UniqueIdentifier>
    </Filter>
    <Filter Include="Source Files">
      <UniqueIdentifier>{38C2E63F-362D-35F6-8699-73651E874153}</UniqueIdentifier>
    </Filter>
    <Filter Include="qt_autogen">
      <UniqueIdentifier>{705454FF-F41B-32AC-A8C7-EE9DBEECA67C}</UniqueIdentifier>
    </Filter>
    <Filter Include="qt_autogen\moc">
      <UniqueIdentifier>{02FE5F61-8144-388A-885C-8170C34D7B61}</UniqueIdentifier>
    </Filter>
    <Filter Include="qt_autogen\rcc">
      <UniqueIdentifier>{B784D6B7-15C0-3250-85B2-2BEA987FF24C}</UniqueIdentifier>
    </Filter>
    <Filter Include="qt_autogen\uic">
      <UniqueIdentifier>{B74942DC-A2AD-392D-9E2E-6B30344E072C}</UniqueIdentifier>
    </Filter>
    <Filter Include="ui">
      <UniqueIdentifier>{05A30D3F-9064-30D0-8058-1592F0B22C8E}</UniqueIdentifier>
    </Filter>
  </ItemGroup>
</Project>
