<?xml version="1.0" encoding="utf-8"?>
<Project ToolsVersion="15.0" xmlns="http://schemas.microsoft.com/developer/msbuild/2003">
  <ItemGroup>
    <ClCompile Include="C:\Users\chakanson\Documents\TTCP-2.7.1\AFSIM_TTCP_2.7.1-Dev\tools\tracking_filters\source\AlphaBetaFilter.cpp">
      <Filter>Source Files</Filter>
    </ClCompile>
    <ClCompile Include="C:\Users\chakanson\Documents\TTCP-2.7.1\AFSIM_TTCP_2.7.1-Dev\tools\tracking_filters\source\AlphaBetaGammaFilter.cpp">
      <Filter>Source Files</Filter>
    </ClCompile>
    <ClCompile Include="C:\Users\chakanson\Documents\TTCP-2.7.1\AFSIM_TTCP_2.7.1-Dev\tools\tracking_filters\source\Filter.cpp">
      <Filter>Source Files</Filter>
    </ClCompile>
    <ClCompile Include="C:\Users\chakanson\Documents\TTCP-2.7.1\AFSIM_TTCP_2.7.1-Dev\tools\tracking_filters\source\KalmanFilter.cpp">
      <Filter>Source Files</Filter>
    </ClCompile>
    <ClCompile Include="C:\Users\chakanson\Documents\TTCP-2.7.1\AFSIM_TTCP_2.7.1-Dev\tools\tracking_filters\source\KalmanFilter2D_RB.cpp">
      <Filter>Source Files</Filter>
    </ClCompile>
    <ClCompile Include="C:\Users\chakanson\Documents\TTCP-2.7.1\AFSIM_TTCP_2.7.1-Dev\tools\tracking_filters\source\OrbitDeterminationKalmanFilter.cpp">
      <Filter>Source Files</Filter>
    </ClCompile>
  </ItemGroup>
  <ItemGroup>
    <ClInclude Include="C:\Users\chakanson\Documents\TTCP-2.7.1\AFSIM_TTCP_2.7.1-Dev\tools\tracking_filters\source\AlphaBetaFilter.hpp">
      <Filter>Header Files</Filter>
    </ClInclude>
    <ClInclude Include="C:\Users\chakanson\Documents\TTCP-2.7.1\AFSIM_TTCP_2.7.1-Dev\tools\tracking_filters\source\AlphaBetaGammaFilter.hpp">
      <Filter>Header Files</Filter>
    </ClInclude>
    <ClInclude Include="C:\Users\chakanson\Documents\TTCP-2.7.1\AFSIM_TTCP_2.7.1-Dev\tools\tracking_filters\source\Filter.hpp">
      <Filter>Header Files</Filter>
    </ClInclude>
    <ClInclude Include="C:\Users\chakanson\Documents\TTCP-2.7.1\AFSIM_TTCP_2.7.1-Dev\tools\tracking_filters\source\KalmanFilter.hpp">
      <Filter>Header Files</Filter>
    </ClInclude>
    <ClInclude Include="C:\Users\chakanson\Documents\TTCP-2.7.1\AFSIM_TTCP_2.7.1-Dev\tools\tracking_filters\source\KalmanFilter2D_RB.hpp">
      <Filter>Header Files</Filter>
    </ClInclude>
    <ClInclude Include="C:\Users\chakanson\Documents\TTCP-2.7.1\AFSIM_TTCP_2.7.1-Dev\tools\tracking_filters\source\OrbitDeterminationKalmanFilter.hpp">
      <Filter>Header Files</Filter>
    </ClInclude>
  </ItemGroup>
  <ItemGroup>
    <CustomBuild Include="C:\Users\chakanson\Documents\TTCP-2.7.1\AFSIM_TTCP_2.7.1-Dev\tools\tracking_filters\source\CMakeLists.txt" />
  </ItemGroup>
  <ItemGroup>
    <Filter Include="Header Files">
      <UniqueIdentifier>{A0E814E8-B54A-3CC2-9654-C4DB59E60833}</UniqueIdentifier>
    </Filter>
    <Filter Include="Source Files">
      <UniqueIdentifier>{38C2E63F-362D-35F6-8699-73651E874153}</UniqueIdentifier>
    </Filter>
  </ItemGroup>
</Project>
